// !$*UTF8*$!
{
	archiveVersion = 1;
	classes = {
	};
	objectVersion = 56;
	objects = {

/* Begin PBXBuildFile section */
		A134711E2B43F00800A3AE59 /* FriedEggApp.swift in Sources */ = {isa = PBXBuildFile; fileRef = A134711D2B43F00800A3AE59 /* FriedEggApp.swift */; };
		A15D54112B5574B9007020CA /* TitlebarView.swift in Sources */ = {isa = PBXBuildFile; fileRef = A15D54102B5574B9007020CA /* TitlebarView.swift */; };
		A15D54142B561BEC007020CA /* BrowserTabShape.swift in Sources */ = {isa = PBXBuildFile; fileRef = A15D54132B561BEC007020CA /* BrowserTabShape.swift */; };
		A15D541B2B56B40F007020CA /* AppDelegate.swift in Sources */ = {isa = PBXBuildFile; fileRef = A15D541A2B56B40F007020CA /* AppDelegate.swift */; };
		A15D541D2B56BD32007020CA /* WindowSizeManager.swift in Sources */ = {isa = PBXBuildFile; fileRef = A15D541C2B56BD32007020CA /* WindowSizeManager.swift */; };
		A15D54232B590B4D007020CA /* VisualEffect.swift in Sources */ = {isa = PBXBuildFile; fileRef = A15D54222B590B4D007020CA /* VisualEffect.swift */; };
		A15D54252B590CA6007020CA /* SidebarButton.swift in Sources */ = {isa = PBXBuildFile; fileRef = A15D54242B590CA6007020CA /* SidebarButton.swift */; };
		A15D54272B5BA457007020CA /* ImageLoader.swift in Sources */ = {isa = PBXBuildFile; fileRef = A15D54262B5BA457007020CA /* ImageLoader.swift */; };
		A16920102B2FA82200F8B4C0 /* Assets.xcassets in Resources */ = {isa = PBXBuildFile; fileRef = A169200F2B2FA82200F8B4C0 /* Assets.xcassets */; };
		A16920132B2FA82200F8B4C0 /* Preview Assets.xcassets in Resources */ = {isa = PBXBuildFile; fileRef = A16920122B2FA82200F8B4C0 /* Preview Assets.xcassets */; };
		A188C93E2B4A551B00B39BC8 /* ContentView.swift in Sources */ = {isa = PBXBuildFile; fileRef = A188C93D2B4A551B00B39BC8 /* ContentView.swift */; };
		A188C9412B4A924900B39BC8 /* BookmarkGroup.swift in Sources */ = {isa = PBXBuildFile; fileRef = A188C9402B4A924900B39BC8 /* BookmarkGroup.swift */; };
		A188C9432B4A926800B39BC8 /* Bookmark.swift in Sources */ = {isa = PBXBuildFile; fileRef = A188C9422B4A926800B39BC8 /* Bookmark.swift */; };
		A188C9452B4A948C00B39BC8 /* Tab.swift in Sources */ = {isa = PBXBuildFile; fileRef = A188C9442B4A948C00B39BC8 /* Tab.swift */; };
		A188C9492B4ACECD00B39BC8 /* SearchView.swift in Sources */ = {isa = PBXBuildFile; fileRef = A188C9482B4ACECD00B39BC8 /* SearchView.swift */; };
		A188C94C2B4CFDCB00B39BC8 /* SidebarView.swift in Sources */ = {isa = PBXBuildFile; fileRef = A188C94B2B4CFDCB00B39BC8 /* SidebarView.swift */; };
		A188C94E2B4CFDDC00B39BC8 /* BookmarkView.swift in Sources */ = {isa = PBXBuildFile; fileRef = A188C94D2B4CFDDC00B39BC8 /* BookmarkView.swift */; };
		A188C9512B4D3D6000B39BC8 /* ExpandList.swift in Sources */ = {isa = PBXBuildFile; fileRef = A188C9502B4D3D6000B39BC8 /* ExpandList.swift */; };
		A188C95B2B4EBB8D00B39BC8 /* StringURL.swift in Sources */ = {isa = PBXBuildFile; fileRef = A188C95A2B4EBB8D00B39BC8 /* StringURL.swift */; };
		A188C95D2B4EBBC700B39BC8 /* Webview.swift in Sources */ = {isa = PBXBuildFile; fileRef = A188C95C2B4EBBC700B39BC8 /* Webview.swift */; };
		A188C9642B4EBE9800B39BC8 /* URL.swift in Sources */ = {isa = PBXBuildFile; fileRef = A188C9632B4EBE9800B39BC8 /* URL.swift */; };
		A188C9662B4ECBB800B39BC8 /* MainView.swift in Sources */ = {isa = PBXBuildFile; fileRef = A188C9652B4ECBB800B39BC8 /* MainView.swift */; };
		A188C9682B4ED3F600B39BC8 /* Browser.swift in Sources */ = {isa = PBXBuildFile; fileRef = A188C9672B4ED3F600B39BC8 /* Browser.swift */; };
		A188C96D2B50080F00B39BC8 /* BrowserTabView.swift in Sources */ = {isa = PBXBuildFile; fileRef = A188C96C2B50080F00B39BC8 /* BrowserTabView.swift */; };
		A18D0B7C2B5D1C02003F8DF0 /* SearchEngine.swift in Sources */ = {isa = PBXBuildFile; fileRef = A18D0B7B2B5D1C02003F8DF0 /* SearchEngine.swift */; };
/* End PBXBuildFile section */

/* Begin PBXFileReference section */
		A134711D2B43F00800A3AE59 /* FriedEggApp.swift */ = {isa = PBXFileReference; indentWidth = 2; lastKnownFileType = sourcecode.swift; name = FriedEggApp.swift; path = FriedEgg/FriedEggApp.swift; sourceTree = "<group>"; tabWidth = 2; };
		A15D54102B5574B9007020CA /* TitlebarView.swift */ = {isa = PBXFileReference; lastKnownFileType = sourcecode.swift; path = TitlebarView.swift; sourceTree = "<group>"; };
		A15D54132B561BEC007020CA /* BrowserTabShape.swift */ = {isa = PBXFileReference; lastKnownFileType = sourcecode.swift; path = BrowserTabShape.swift; sourceTree = "<group>"; };
		A15D541A2B56B40F007020CA /* AppDelegate.swift */ = {isa = PBXFileReference; lastKnownFileType = sourcecode.swift; path = AppDelegate.swift; sourceTree = "<group>"; };
		A15D541C2B56BD32007020CA /* WindowSizeManager.swift */ = {isa = PBXFileReference; lastKnownFileType = sourcecode.swift; path = WindowSizeManager.swift; sourceTree = "<group>"; };
		A15D54222B590B4D007020CA /* VisualEffect.swift */ = {isa = PBXFileReference; lastKnownFileType = sourcecode.swift; path = VisualEffect.swift; sourceTree = "<group>"; };
		A15D54242B590CA6007020CA /* SidebarButton.swift */ = {isa = PBXFileReference; lastKnownFileType = sourcecode.swift; path = SidebarButton.swift; sourceTree = "<group>"; };
		A15D54262B5BA457007020CA /* ImageLoader.swift */ = {isa = PBXFileReference; lastKnownFileType = sourcecode.swift; path = ImageLoader.swift; sourceTree = "<group>"; };
		A16920082B2FA82100F8B4C0 /* Fried Egg.app */ = {isa = PBXFileReference; explicitFileType = wrapper.application; includeInIndex = 0; path = "Fried Egg.app"; sourceTree = BUILT_PRODUCTS_DIR; };
		A169200F2B2FA82200F8B4C0 /* Assets.xcassets */ = {isa = PBXFileReference; lastKnownFileType = folder.assetcatalog; name = Assets.xcassets; path = FriedEgg/Assets.xcassets; sourceTree = "<group>"; };
		A16920122B2FA82200F8B4C0 /* Preview Assets.xcassets */ = {isa = PBXFileReference; lastKnownFileType = folder.assetcatalog; path = "Preview Assets.xcassets"; sourceTree = "<group>"; };
		A16920142B2FA82200F8B4C0 /* FriedEgg.entitlements */ = {isa = PBXFileReference; lastKnownFileType = text.plist.entitlements; name = FriedEgg.entitlements; path = FriedEgg/FriedEgg.entitlements; sourceTree = "<group>"; };
		A188C93D2B4A551B00B39BC8 /* ContentView.swift */ = {isa = PBXFileReference; lastKnownFileType = sourcecode.swift; path = ContentView.swift; sourceTree = "<group>"; };
		A188C9402B4A924900B39BC8 /* BookmarkGroup.swift */ = {isa = PBXFileReference; lastKnownFileType = sourcecode.swift; path = BookmarkGroup.swift; sourceTree = "<group>"; };
		A188C9422B4A926800B39BC8 /* Bookmark.swift */ = {isa = PBXFileReference; lastKnownFileType = sourcecode.swift; path = Bookmark.swift; sourceTree = "<group>"; };
		A188C9442B4A948C00B39BC8 /* Tab.swift */ = {isa = PBXFileReference; lastKnownFileType = sourcecode.swift; path = Tab.swift; sourceTree = "<group>"; };
		A188C9482B4ACECD00B39BC8 /* SearchView.swift */ = {isa = PBXFileReference; lastKnownFileType = sourcecode.swift; path = SearchView.swift; sourceTree = "<group>"; };
		A188C94B2B4CFDCB00B39BC8 /* SidebarView.swift */ = {isa = PBXFileReference; lastKnownFileType = sourcecode.swift; path = SidebarView.swift; sourceTree = "<group>"; };
		A188C94D2B4CFDDC00B39BC8 /* BookmarkView.swift */ = {isa = PBXFileReference; lastKnownFileType = sourcecode.swift; path = BookmarkView.swift; sourceTree = "<group>"; };
		A188C9502B4D3D6000B39BC8 /* ExpandList.swift */ = {isa = PBXFileReference; lastKnownFileType = sourcecode.swift; path = ExpandList.swift; sourceTree = "<group>"; };
		A188C95A2B4EBB8D00B39BC8 /* StringURL.swift */ = {isa = PBXFileReference; lastKnownFileType = sourcecode.swift; path = StringURL.swift; sourceTree = "<group>"; };
		A188C95C2B4EBBC700B39BC8 /* Webview.swift */ = {isa = PBXFileReference; lastKnownFileType = sourcecode.swift; path = Webview.swift; sourceTree = "<group>"; };
		A188C9632B4EBE9800B39BC8 /* URL.swift */ = {isa = PBXFileReference; lastKnownFileType = sourcecode.swift; path = URL.swift; sourceTree = "<group>"; };
		A188C9652B4ECBB800B39BC8 /* MainView.swift */ = {isa = PBXFileReference; lastKnownFileType = sourcecode.swift; path = MainView.swift; sourceTree = "<group>"; };
		A188C9672B4ED3F600B39BC8 /* Browser.swift */ = {isa = PBXFileReference; lastKnownFileType = sourcecode.swift; path = Browser.swift; sourceTree = "<group>"; };
		A188C96C2B50080F00B39BC8 /* BrowserTabView.swift */ = {isa = PBXFileReference; lastKnownFileType = sourcecode.swift; path = BrowserTabView.swift; sourceTree = "<group>"; };
		A18D0B7B2B5D1C02003F8DF0 /* SearchEngine.swift */ = {isa = PBXFileReference; lastKnownFileType = sourcecode.swift; path = SearchEngine.swift; sourceTree = "<group>"; };
/* End PBXFileReference section */

/* Begin PBXFrameworksBuildPhase section */
		A16920052B2FA82100F8B4C0 /* Frameworks */ = {
			isa = PBXFrameworksBuildPhase;
			buildActionMask = 2147483647;
			files = (
			);
			runOnlyForDeploymentPostprocessing = 0;
		};
/* End PBXFrameworksBuildPhase section */

/* Begin PBXGroup section */
		A15D54122B561BCF007020CA /* Shape */ = {
			isa = PBXGroup;
			children = (
				A15D54132B561BEC007020CA /* BrowserTabShape.swift */,
			);
			path = Shape;
			sourceTree = "<group>";
		};
		A15D54192B56B3F4007020CA /* AppKit */ = {
			isa = PBXGroup;
			children = (
				A15D541A2B56B40F007020CA /* AppDelegate.swift */,
				A15D54222B590B4D007020CA /* VisualEffect.swift */,
			);
			path = AppKit;
			sourceTree = "<group>";
		};
		A1691FFF2B2FA82100F8B4C0 = {
			isa = PBXGroup;
			children = (
				A169200A2B2FA82100F8B4C0 /* FriedEgg */,
				A16920092B2FA82100F8B4C0 /* Products */,
			);
			sourceTree = "<group>";
		};
		A16920092B2FA82100F8B4C0 /* Products */ = {
			isa = PBXGroup;
			children = (
				A16920082B2FA82100F8B4C0 /* Fried Egg.app */,
			);
			name = Products;
			sourceTree = "<group>";
		};
		A169200A2B2FA82100F8B4C0 /* FriedEgg */ = {
			isa = PBXGroup;
			children = (
				A15D54192B56B3F4007020CA /* AppKit */,
				A15D54122B561BCF007020CA /* Shape */,
				A188C9692B4F8E5800B39BC8 /* Manager */,
				A188C9622B4EBE8B00B39BC8 /* Constant */,
				A188C9592B4EBB7200B39BC8 /* Helper */,
				A188C94F2B4D3D3900B39BC8 /* Component */,
				A188C93F2B4A910B00B39BC8 /* Model */,
				A188C93C2B4A550E00B39BC8 /* View */,
				A134711D2B43F00800A3AE59 /* FriedEggApp.swift */,
				A169200F2B2FA82200F8B4C0 /* Assets.xcassets */,
				A16920142B2FA82200F8B4C0 /* FriedEgg.entitlements */,
				A16920112B2FA82200F8B4C0 /* Preview Content */,
			);
			name = FriedEgg;
			sourceTree = "<group>";
		};
		A16920112B2FA82200F8B4C0 /* Preview Content */ = {
			isa = PBXGroup;
			children = (
				A16920122B2FA82200F8B4C0 /* Preview Assets.xcassets */,
			);
			name = "Preview Content";
			path = "FriedEgg/Preview Content";
			sourceTree = "<group>";
		};
		A188C93C2B4A550E00B39BC8 /* View */ = {
			isa = PBXGroup;
			children = (
				A188C93D2B4A551B00B39BC8 /* ContentView.swift */,
				A188C9482B4ACECD00B39BC8 /* SearchView.swift */,
				A188C94B2B4CFDCB00B39BC8 /* SidebarView.swift */,
				A188C94D2B4CFDDC00B39BC8 /* BookmarkView.swift */,
				A188C9652B4ECBB800B39BC8 /* MainView.swift */,
				A188C96C2B50080F00B39BC8 /* BrowserTabView.swift */,
				A15D54102B5574B9007020CA /* TitlebarView.swift */,
			);
			path = View;
			sourceTree = "<group>";
		};
		A188C93F2B4A910B00B39BC8 /* Model */ = {
			isa = PBXGroup;
			children = (
				A188C9402B4A924900B39BC8 /* BookmarkGroup.swift */,
				A188C9422B4A926800B39BC8 /* Bookmark.swift */,
				A188C9442B4A948C00B39BC8 /* Tab.swift */,
				A188C9672B4ED3F600B39BC8 /* Browser.swift */,
				A18D0B7B2B5D1C02003F8DF0 /* SearchEngine.swift */,
			);
			path = Model;
			sourceTree = "<group>";
		};
		A188C94F2B4D3D3900B39BC8 /* Component */ = {
			isa = PBXGroup;
			children = (
				A188C9502B4D3D6000B39BC8 /* ExpandList.swift */,
				A188C95C2B4EBBC700B39BC8 /* Webview.swift */,
				A15D54242B590CA6007020CA /* SidebarButton.swift */,
			);
			path = Component;
			sourceTree = "<group>";
		};
		A188C9592B4EBB7200B39BC8 /* Helper */ = {
			isa = PBXGroup;
			children = (
				A188C95A2B4EBB8D00B39BC8 /* StringURL.swift */,
				A15D54262B5BA457007020CA /* ImageLoader.swift */,
			);
			path = Helper;
			sourceTree = "<group>";
		};
		A188C9622B4EBE8B00B39BC8 /* Constant */ = {
			isa = PBXGroup;
			children = (
				A188C9632B4EBE9800B39BC8 /* URL.swift */,
			);
			path = Constant;
			sourceTree = "<group>";
		};
		A188C9692B4F8E5800B39BC8 /* Manager */ = {
			isa = PBXGroup;
			children = (
				A15D541C2B56BD32007020CA /* WindowSizeManager.swift */,
			);
			path = Manager;
			sourceTree = "<group>";
		};
/* End PBXGroup section */

/* Begin PBXNativeTarget section */
		A16920072B2FA82100F8B4C0 /* FriedEgg */ = {
			isa = PBXNativeTarget;
			buildConfigurationList = A16920172B2FA82200F8B4C0 /* Build configuration list for PBXNativeTarget "FriedEgg" */;
			buildPhases = (
				A16920042B2FA82100F8B4C0 /* Sources */,
				A16920052B2FA82100F8B4C0 /* Frameworks */,
				A16920062B2FA82100F8B4C0 /* Resources */,
			);
			buildRules = (
			);
			dependencies = (
			);
			name = FriedEgg;
			productName = AhPuh;
			productReference = A16920082B2FA82100F8B4C0 /* Fried Egg.app */;
			productType = "com.apple.product-type.application";
		};
/* End PBXNativeTarget section */

/* Begin PBXProject section */
		A16920002B2FA82100F8B4C0 /* Project object */ = {
			isa = PBXProject;
			attributes = {
				BuildIndependentTargetsInParallel = 1;
				LastSwiftUpdateCheck = 1510;
				LastUpgradeCheck = 1520;
				TargetAttributes = {
					A16920072B2FA82100F8B4C0 = {
						CreatedOnToolsVersion = 15.1;
					};
				};
			};
			buildConfigurationList = A16920032B2FA82100F8B4C0 /* Build configuration list for PBXProject "FriedEgg" */;
			compatibilityVersion = "Xcode 14.0";
			developmentRegion = en;
			hasScannedForEncodings = 0;
			knownRegions = (
				en,
				Base,
			);
			mainGroup = A1691FFF2B2FA82100F8B4C0;
			productRefGroup = A16920092B2FA82100F8B4C0 /* Products */;
			projectDirPath = "";
			projectRoot = "";
			targets = (
				A16920072B2FA82100F8B4C0 /* FriedEgg */,
			);
		};
/* End PBXProject section */

/* Begin PBXResourcesBuildPhase section */
		A16920062B2FA82100F8B4C0 /* Resources */ = {
			isa = PBXResourcesBuildPhase;
			buildActionMask = 2147483647;
			files = (
				A16920132B2FA82200F8B4C0 /* Preview Assets.xcassets in Resources */,
				A16920102B2FA82200F8B4C0 /* Assets.xcassets in Resources */,
			);
			runOnlyForDeploymentPostprocessing = 0;
		};
/* End PBXResourcesBuildPhase section */

/* Begin PBXSourcesBuildPhase section */
		A16920042B2FA82100F8B4C0 /* Sources */ = {
			isa = PBXSourcesBuildPhase;
			buildActionMask = 2147483647;
			files = (
				A188C95B2B4EBB8D00B39BC8 /* StringURL.swift in Sources */,
				A188C93E2B4A551B00B39BC8 /* ContentView.swift in Sources */,
				A15D54232B590B4D007020CA /* VisualEffect.swift in Sources */,
				A15D541B2B56B40F007020CA /* AppDelegate.swift in Sources */,
				A134711E2B43F00800A3AE59 /* FriedEggApp.swift in Sources */,
				A188C94C2B4CFDCB00B39BC8 /* SidebarView.swift in Sources */,
				A188C9642B4EBE9800B39BC8 /* URL.swift in Sources */,
				A188C9452B4A948C00B39BC8 /* Tab.swift in Sources */,
				A18D0B7C2B5D1C02003F8DF0 /* SearchEngine.swift in Sources */,
				A15D54252B590CA6007020CA /* SidebarButton.swift in Sources */,
				A188C9412B4A924900B39BC8 /* BookmarkGroup.swift in Sources */,
				A188C9682B4ED3F600B39BC8 /* Browser.swift in Sources */,
				A188C9662B4ECBB800B39BC8 /* MainView.swift in Sources */,
				A188C96D2B50080F00B39BC8 /* BrowserTabView.swift in Sources */,
				A188C9432B4A926800B39BC8 /* Bookmark.swift in Sources */,
				A188C95D2B4EBBC700B39BC8 /* Webview.swift in Sources */,
				A188C94E2B4CFDDC00B39BC8 /* BookmarkView.swift in Sources */,
				A15D54272B5BA457007020CA /* ImageLoader.swift in Sources */,
				A188C9492B4ACECD00B39BC8 /* SearchView.swift in Sources */,
				A15D541D2B56BD32007020CA /* WindowSizeManager.swift in Sources */,
				A188C9512B4D3D6000B39BC8 /* ExpandList.swift in Sources */,
				A15D54142B561BEC007020CA /* BrowserTabShape.swift in Sources */,
				A15D54112B5574B9007020CA /* TitlebarView.swift in Sources */,
			);
			runOnlyForDeploymentPostprocessing = 0;
		};
/* End PBXSourcesBuildPhase section */

/* Begin XCBuildConfiguration section */
		A16920152B2FA82200F8B4C0 /* Debug */ = {
			isa = XCBuildConfiguration;
			buildSettings = {
				ALWAYS_SEARCH_USER_PATHS = NO;
				ASSETCATALOG_COMPILER_GENERATE_SWIFT_ASSET_SYMBOL_EXTENSIONS = YES;
				CLANG_ANALYZER_NONNULL = YES;
				CLANG_ANALYZER_NUMBER_OBJECT_CONVERSION = YES_AGGRESSIVE;
				CLANG_CXX_LANGUAGE_STANDARD = "gnu++20";
				CLANG_ENABLE_MODULES = YES;
				CLANG_ENABLE_OBJC_ARC = YES;
				CLANG_ENABLE_OBJC_WEAK = YES;
				CLANG_WARN_BLOCK_CAPTURE_AUTORELEASING = YES;
				CLANG_WARN_BOOL_CONVERSION = YES;
				CLANG_WARN_COMMA = YES;
				CLANG_WARN_CONSTANT_CONVERSION = YES;
				CLANG_WARN_DEPRECATED_OBJC_IMPLEMENTATIONS = YES;
				CLANG_WARN_DIRECT_OBJC_ISA_USAGE = YES_ERROR;
				CLANG_WARN_DOCUMENTATION_COMMENTS = YES;
				CLANG_WARN_EMPTY_BODY = YES;
				CLANG_WARN_ENUM_CONVERSION = YES;
				CLANG_WARN_INFINITE_RECURSION = YES;
				CLANG_WARN_INT_CONVERSION = YES;
				CLANG_WARN_NON_LITERAL_NULL_CONVERSION = YES;
				CLANG_WARN_OBJC_IMPLICIT_RETAIN_SELF = YES;
				CLANG_WARN_OBJC_LITERAL_CONVERSION = YES;
				CLANG_WARN_OBJC_ROOT_CLASS = YES_ERROR;
				CLANG_WARN_QUOTED_INCLUDE_IN_FRAMEWORK_HEADER = YES;
				CLANG_WARN_RANGE_LOOP_ANALYSIS = YES;
				CLANG_WARN_STRICT_PROTOTYPES = YES;
				CLANG_WARN_SUSPICIOUS_MOVE = YES;
				CLANG_WARN_UNGUARDED_AVAILABILITY = YES_AGGRESSIVE;
				CLANG_WARN_UNREACHABLE_CODE = YES;
				CLANG_WARN__DUPLICATE_METHOD_MATCH = YES;
				COPY_PHASE_STRIP = NO;
				DEAD_CODE_STRIPPING = YES;
				DEBUG_INFORMATION_FORMAT = dwarf;
				ENABLE_STRICT_OBJC_MSGSEND = YES;
				ENABLE_TESTABILITY = YES;
				ENABLE_USER_SCRIPT_SANDBOXING = YES;
				GCC_C_LANGUAGE_STANDARD = gnu17;
				GCC_DYNAMIC_NO_PIC = NO;
				GCC_NO_COMMON_BLOCKS = YES;
				GCC_OPTIMIZATION_LEVEL = 0;
				GCC_PREPROCESSOR_DEFINITIONS = (
					"DEBUG=1",
					"$(inherited)",
				);
				GCC_WARN_64_TO_32_BIT_CONVERSION = YES;
				GCC_WARN_ABOUT_RETURN_TYPE = YES_ERROR;
				GCC_WARN_UNDECLARED_SELECTOR = YES;
				GCC_WARN_UNINITIALIZED_AUTOS = YES_AGGRESSIVE;
				GCC_WARN_UNUSED_FUNCTION = YES;
				GCC_WARN_UNUSED_VARIABLE = YES;
				LOCALIZATION_PREFERS_STRING_CATALOGS = YES;
				MACOSX_DEPLOYMENT_TARGET = 14.0;
				MTL_ENABLE_DEBUG_INFO = INCLUDE_SOURCE;
				MTL_FAST_MATH = YES;
				ONLY_ACTIVE_ARCH = YES;
				SDKROOT = macosx;
				SWIFT_ACTIVE_COMPILATION_CONDITIONS = "DEBUG $(inherited)";
				SWIFT_OPTIMIZATION_LEVEL = "-Onone";
			};
			name = Debug;
		};
		A16920162B2FA82200F8B4C0 /* Release */ = {
			isa = XCBuildConfiguration;
			buildSettings = {
				ALWAYS_SEARCH_USER_PATHS = NO;
				ASSETCATALOG_COMPILER_GENERATE_SWIFT_ASSET_SYMBOL_EXTENSIONS = YES;
				CLANG_ANALYZER_NONNULL = YES;
				CLANG_ANALYZER_NUMBER_OBJECT_CONVERSION = YES_AGGRESSIVE;
				CLANG_CXX_LANGUAGE_STANDARD = "gnu++20";
				CLANG_ENABLE_MODULES = YES;
				CLANG_ENABLE_OBJC_ARC = YES;
				CLANG_ENABLE_OBJC_WEAK = YES;
				CLANG_WARN_BLOCK_CAPTURE_AUTORELEASING = YES;
				CLANG_WARN_BOOL_CONVERSION = YES;
				CLANG_WARN_COMMA = YES;
				CLANG_WARN_CONSTANT_CONVERSION = YES;
				CLANG_WARN_DEPRECATED_OBJC_IMPLEMENTATIONS = YES;
				CLANG_WARN_DIRECT_OBJC_ISA_USAGE = YES_ERROR;
				CLANG_WARN_DOCUMENTATION_COMMENTS = YES;
				CLANG_WARN_EMPTY_BODY = YES;
				CLANG_WARN_ENUM_CONVERSION = YES;
				CLANG_WARN_INFINITE_RECURSION = YES;
				CLANG_WARN_INT_CONVERSION = YES;
				CLANG_WARN_NON_LITERAL_NULL_CONVERSION = YES;
				CLANG_WARN_OBJC_IMPLICIT_RETAIN_SELF = YES;
				CLANG_WARN_OBJC_LITERAL_CONVERSION = YES;
				CLANG_WARN_OBJC_ROOT_CLASS = YES_ERROR;
				CLANG_WARN_QUOTED_INCLUDE_IN_FRAMEWORK_HEADER = YES;
				CLANG_WARN_RANGE_LOOP_ANALYSIS = YES;
				CLANG_WARN_STRICT_PROTOTYPES = YES;
				CLANG_WARN_SUSPICIOUS_MOVE = YES;
				CLANG_WARN_UNGUARDED_AVAILABILITY = YES_AGGRESSIVE;
				CLANG_WARN_UNREACHABLE_CODE = YES;
				CLANG_WARN__DUPLICATE_METHOD_MATCH = YES;
				COPY_PHASE_STRIP = NO;
				DEAD_CODE_STRIPPING = YES;
				DEBUG_INFORMATION_FORMAT = "dwarf-with-dsym";
				ENABLE_NS_ASSERTIONS = NO;
				ENABLE_STRICT_OBJC_MSGSEND = YES;
				ENABLE_USER_SCRIPT_SANDBOXING = YES;
				GCC_C_LANGUAGE_STANDARD = gnu17;
				GCC_NO_COMMON_BLOCKS = YES;
				GCC_WARN_64_TO_32_BIT_CONVERSION = YES;
				GCC_WARN_ABOUT_RETURN_TYPE = YES_ERROR;
				GCC_WARN_UNDECLARED_SELECTOR = YES;
				GCC_WARN_UNINITIALIZED_AUTOS = YES_AGGRESSIVE;
				GCC_WARN_UNUSED_FUNCTION = YES;
				GCC_WARN_UNUSED_VARIABLE = YES;
				LOCALIZATION_PREFERS_STRING_CATALOGS = YES;
				MACOSX_DEPLOYMENT_TARGET = 14.0;
				MTL_ENABLE_DEBUG_INFO = NO;
				MTL_FAST_MATH = YES;
				SDKROOT = macosx;
				SWIFT_COMPILATION_MODE = wholemodule;
			};
			name = Release;
		};
		A16920182B2FA82200F8B4C0 /* Debug */ = {
			isa = XCBuildConfiguration;
			buildSettings = {
				ASSETCATALOG_COMPILER_APPICON_NAME = AppIcon;
				ASSETCATALOG_COMPILER_GLOBAL_ACCENT_COLOR_NAME = AccentColor;
				CODE_SIGN_ENTITLEMENTS = FriedEgg/FriedEgg.entitlements;
				CODE_SIGN_STYLE = Automatic;
				COMBINE_HIDPI_IMAGES = YES;
				CURRENT_PROJECT_VERSION = 1;
				DEAD_CODE_STRIPPING = YES;
				DEVELOPMENT_ASSET_PATHS = "\"FriedEgg/Preview Content\"";
				DEVELOPMENT_TEAM = Z843W2W7MB;
				ENABLE_PREVIEWS = YES;
				GENERATE_INFOPLIST_FILE = YES;
				INFOPLIST_FILE = FriedEgg/Info.plist;
				INFOPLIST_KEY_CFBundleDisplayName = "Fried Egg Browser";
				INFOPLIST_KEY_LSApplicationCategoryType = "public.app-category.utilities";
				INFOPLIST_KEY_NSHumanReadableCopyright = "";
				LD_RUNPATH_SEARCH_PATHS = (
					"$(inherited)",
					"@executable_path/../Frameworks",
				);
				MACOSX_DEPLOYMENT_TARGET = 14.0;
				MARKETING_VERSION = 1.0;
				PRODUCT_BUNDLE_IDENTIFIER = falsy.FriedEgg;
				PRODUCT_NAME = "Fried Egg";
				SWIFT_EMIT_LOC_STRINGS = YES;
				SWIFT_VERSION = 5.0;
			};
			name = Debug;
		};
		A16920192B2FA82200F8B4C0 /* Release */ = {
			isa = XCBuildConfiguration;
			buildSettings = {
				ASSETCATALOG_COMPILER_APPICON_NAME = AppIcon;
				ASSETCATALOG_COMPILER_GLOBAL_ACCENT_COLOR_NAME = AccentColor;
				CODE_SIGN_ENTITLEMENTS = FriedEgg/FriedEgg.entitlements;
				CODE_SIGN_STYLE = Automatic;
				COMBINE_HIDPI_IMAGES = YES;
				CURRENT_PROJECT_VERSION = 1;
				DEAD_CODE_STRIPPING = YES;
				DEVELOPMENT_ASSET_PATHS = "\"FriedEgg/Preview Content\"";
				DEVELOPMENT_TEAM = Z843W2W7MB;
				ENABLE_PREVIEWS = YES;
				GENERATE_INFOPLIST_FILE = YES;
				INFOPLIST_FILE = FriedEgg/Info.plist;
				INFOPLIST_KEY_CFBundleDisplayName = "Fried Egg Browser";
				INFOPLIST_KEY_LSApplicationCategoryType = "public.app-category.utilities";
				INFOPLIST_KEY_NSHumanReadableCopyright = "";
				LD_RUNPATH_SEARCH_PATHS = (
					"$(inherited)",
					"@executable_path/../Frameworks",
				);
				MACOSX_DEPLOYMENT_TARGET = 14.0;
				MARKETING_VERSION = 1.0;
				PRODUCT_BUNDLE_IDENTIFIER = falsy.FriedEgg;
				PRODUCT_NAME = "Fried Egg";
				SWIFT_EMIT_LOC_STRINGS = YES;
				SWIFT_VERSION = 5.0;
			};
			name = Release;
		};
/* End XCBuildConfiguration section */

/* Begin XCConfigurationList section */
		A16920032B2FA82100F8B4C0 /* Build configuration list for PBXProject "FriedEgg" */ = {
			isa = XCConfigurationList;
			buildConfigurations = (
				A16920152B2FA82200F8B4C0 /* Debug */,
				A16920162B2FA82200F8B4C0 /* Release */,
			);
			defaultConfigurationIsVisible = 0;
			defaultConfigurationName = Release;
		};
		A16920172B2FA82200F8B4C0 /* Build configuration list for PBXNativeTarget "FriedEgg" */ = {
			isa = XCConfigurationList;
			buildConfigurations = (
				A16920182B2FA82200F8B4C0 /* Debug */,
				A16920192B2FA82200F8B4C0 /* Release */,
			);
			defaultConfigurationIsVisible = 0;
			defaultConfigurationName = Release;
		};
/* End XCConfigurationList section */
	};
	rootObject = A16920002B2FA82100F8B4C0 /* Project object */;
}
