{
  "originHash" : "988f7dcb8ab67aa08c87b0e6a547c1fe1a7d132b04ba18a47f04e44fe556975c",
  "pins" : [
    {
      "identity" : "asn1decoder",
      "kind" : "remoteSourceControl",
      "location" : "https://github.com/filom/ASN1Decoder",
      "state" : {
        "revision" : "7e1523662c69d019a3299bbfb22fb824141dd1f6",
        "version" : "1.10.0"
      }
    },
    {
      "identity" : "trackerradarkit",
      "kind" : "remoteSourceControl",
      "location" : "https://github.com/duckduckgo/TrackerRadarKit",
      "state" : {
        "revision" : "1403e17eeeb8493b92fb9d11eb8c846bb9776581",
        "version" : "2.1.2"
      }
    }
  ],
  "version" : 3
}
