// !$*UTF8*$!
{
	archiveVersion = 1;
	classes = {
	};
	objectVersion = 60;
	objects = {

/* Begin PBXBuildFile section */
		A10DA66A2BAE62860053913D /* SearchAutoCompleteItemNSView.swift in Sources */ = {isa = PBXBuildFile; fileRef = A10DA6692BAE62860053913D /* SearchAutoCompleteItemNSView.swift */; };
		A10DA66C2BB0785C0053913D /* VisitManager.swift in Sources */ = {isa = PBXBuildFile; fileRef = A10DA66B2BB0785C0053913D /* VisitManager.swift */; };
		A10DA66E2BB12EA20053913D /* SearchAutoCompleteVisitItemNSView.swift in Sources */ = {isa = PBXBuildFile; fileRef = A10DA66D2BB12EA20053913D /* SearchAutoCompleteVisitItemNSView.swift */; };
		A10DA6702BB12EF20053913D /* SearchAutoCompleteVisitItem.swift in Sources */ = {isa = PBXBuildFile; fileRef = A10DA66F2BB12EF20053913D /* SearchAutoCompleteVisitItem.swift */; };
		A10DA6722BB3952D0053913D /* settings in Resources */ = {isa = PBXBuildFile; fileRef = A10DA6712BB3952D0053913D /* settings */; };
		A10DA6742BB395B60053913D /* MoreMenuDialog.swift in Sources */ = {isa = PBXBuildFile; fileRef = A10DA6732BB395B60053913D /* MoreMenuDialog.swift */; };
		A10DA6782BB3ABD70053913D /* SearchEngineList.swift in Sources */ = {isa = PBXBuildFile; fileRef = A10DA6772BB3ABD70053913D /* SearchEngineList.swift */; };
		A10DA67A2BB3B64A0053913D /* OpacityBrowserSettings.swift in Sources */ = {isa = PBXBuildFile; fileRef = A10DA6792BB3B64A0053913D /* OpacityBrowserSettings.swift */; };
		A10DA67C2BB522880053913D /* SearchHistorySettings.swift in Sources */ = {isa = PBXBuildFile; fileRef = A10DA67B2BB522880053913D /* SearchHistorySettings.swift */; };
		A11EDACA2B9EE774000D07CB /* BookmarkDialog.swift in Sources */ = {isa = PBXBuildFile; fileRef = A11EDAC92B9EE774000D07CB /* BookmarkDialog.swift */; };
		A11EDACC2B9F0250000D07CB /* BookmarkTitle.swift in Sources */ = {isa = PBXBuildFile; fileRef = A11EDACB2B9F0250000D07CB /* BookmarkTitle.swift */; };
		A11EDACE2B9F087F000D07CB /* ManualUpdate.swift in Sources */ = {isa = PBXBuildFile; fileRef = A11EDACD2B9F087F000D07CB /* ManualUpdate.swift */; };
		A11EDAD02BA09329000D07CB /* BookmarkManager.swift in Sources */ = {isa = PBXBuildFile; fileRef = A11EDACF2BA09329000D07CB /* BookmarkManager.swift */; };
		A11EDAD32BA2B41E000D07CB /* BookmarkSearch.swift in Sources */ = {isa = PBXBuildFile; fileRef = A11EDAD22BA2B41E000D07CB /* BookmarkSearch.swift */; };
		A11EDAD52BA2D5F1000D07CB /* BookmarkSearchList.swift in Sources */ = {isa = PBXBuildFile; fileRef = A11EDAD42BA2D5F1000D07CB /* BookmarkSearchList.swift */; };
		A11EDAD72BA422E7000D07CB /* SearchHistory.swift in Sources */ = {isa = PBXBuildFile; fileRef = A11EDAD62BA422E7000D07CB /* SearchHistory.swift */; };
		A11EDAD92BA42E2F000D07CB /* VisitHistory.swift in Sources */ = {isa = PBXBuildFile; fileRef = A11EDAD82BA42E2F000D07CB /* VisitHistory.swift */; };
		A11EDADB2BA430FA000D07CB /* SearchHistoryGroup.swift in Sources */ = {isa = PBXBuildFile; fileRef = A11EDADA2BA430FA000D07CB /* SearchHistoryGroup.swift */; };
		A11EDADD2BA431A7000D07CB /* VisitHistoryGroup.swift in Sources */ = {isa = PBXBuildFile; fileRef = A11EDADC2BA431A7000D07CB /* VisitHistoryGroup.swift */; };
		A11EDADF2BA45BAE000D07CB /* SearchManager.swift in Sources */ = {isa = PBXBuildFile; fileRef = A11EDADE2BA45BAE000D07CB /* SearchManager.swift */; };
		A11EDAE12BA4D234000D07CB /* SearchBoxDialog.swift in Sources */ = {isa = PBXBuildFile; fileRef = A11EDAE02BA4D234000D07CB /* SearchBoxDialog.swift */; };
		A11EDAE32BA5EC3A000D07CB /* SearchAutoComplete.swift in Sources */ = {isa = PBXBuildFile; fileRef = A11EDAE22BA5EC3A000D07CB /* SearchAutoComplete.swift */; };
		A11EDAE62BA62CAA000D07CB /* SearchAutoCompleteBox.swift in Sources */ = {isa = PBXBuildFile; fileRef = A11EDAE52BA62CAA000D07CB /* SearchAutoCompleteBox.swift */; };
		A11EDAE82BA6BD42000D07CB /* SearchAutoCompleteItem.swift in Sources */ = {isa = PBXBuildFile; fileRef = A11EDAE72BA6BD42000D07CB /* SearchAutoCompleteItem.swift */; };
		A11EDAEC2BA6EE06000D07CB /* SearchEditBox.swift in Sources */ = {isa = PBXBuildFile; fileRef = A11EDAEB2BA6EE06000D07CB /* SearchEditBox.swift */; };
		A11EDAF02BA9A457000D07CB /* SearchNSTextField.swift in Sources */ = {isa = PBXBuildFile; fileRef = A11EDAEF2BA9A457000D07CB /* SearchNSTextField.swift */; };
		A134711E2B43F00800A3AE59 /* OpacityApp.swift in Sources */ = {isa = PBXBuildFile; fileRef = A134711D2B43F00800A3AE59 /* OpacityApp.swift */; };
		A14246162B71EF190062C516 /* TabItem.swift in Sources */ = {isa = PBXBuildFile; fileRef = A14246152B71EF190062C516 /* TabItem.swift */; };
		A14246182B71F1A80062C516 /* TabItemNSView.swift in Sources */ = {isa = PBXBuildFile; fileRef = A14246172B71F1A80062C516 /* TabItemNSView.swift */; };
		A142461A2B735E5F0062C516 /* Service.swift in Sources */ = {isa = PBXBuildFile; fileRef = A14246192B735E5F0062C516 /* Service.swift */; };
		A14246222B7C64FE0062C516 /* TabAreaNSView.swift in Sources */ = {isa = PBXBuildFile; fileRef = A14246212B7C64FE0062C516 /* TabAreaNSView.swift */; };
		A14246242B7E51450062C516 /* TabDialog.swift in Sources */ = {isa = PBXBuildFile; fileRef = A14246232B7E51450062C516 /* TabDialog.swift */; };
		A14246262B7E7DA30062C516 /* TabDialogItemNSView.swift in Sources */ = {isa = PBXBuildFile; fileRef = A14246252B7E7DA30062C516 /* TabDialogItemNSView.swift */; };
		A14246282B7E7E010062C516 /* TabDialogItem.swift in Sources */ = {isa = PBXBuildFile; fileRef = A14246272B7E7E010062C516 /* TabDialogItem.swift */; };
		A142462C2B7FB5490062C516 /* HistoryKeyNSView.swift in Sources */ = {isa = PBXBuildFile; fileRef = A142462B2B7FB5490062C516 /* HistoryKeyNSView.swift */; };
		A14246302B80E3CD0062C516 /* HistoryDialog.swift in Sources */ = {isa = PBXBuildFile; fileRef = A142462F2B80E3CD0062C516 /* HistoryDialog.swift */; };
		A14246322B810D100062C516 /* HistorySite.swift in Sources */ = {isa = PBXBuildFile; fileRef = A14246312B810D100062C516 /* HistorySite.swift */; };
		A14246342B8132E50062C516 /* HistoryDialogItem.swift in Sources */ = {isa = PBXBuildFile; fileRef = A14246332B8132E50062C516 /* HistoryDialogItem.swift */; };
		A14246362B813A5B0062C516 /* HistoryKeyButton.swift in Sources */ = {isa = PBXBuildFile; fileRef = A14246352B813A5B0062C516 /* HistoryKeyButton.swift */; };
		A15D54112B5574B9007020CA /* WindowTitlebar.swift in Sources */ = {isa = PBXBuildFile; fileRef = A15D54102B5574B9007020CA /* WindowTitlebar.swift */; };
		A15D54142B561BEC007020CA /* BrowserTabShape.swift in Sources */ = {isa = PBXBuildFile; fileRef = A15D54132B561BEC007020CA /* BrowserTabShape.swift */; };
		A15D541B2B56B40F007020CA /* AppDelegate.swift in Sources */ = {isa = PBXBuildFile; fileRef = A15D541A2B56B40F007020CA /* AppDelegate.swift */; };
		A15D54232B590B4D007020CA /* VisualEffectNSView.swift in Sources */ = {isa = PBXBuildFile; fileRef = A15D54222B590B4D007020CA /* VisualEffectNSView.swift */; };
		A15D54272B5BA457007020CA /* ImageLoader.swift in Sources */ = {isa = PBXBuildFile; fileRef = A15D54262B5BA457007020CA /* ImageLoader.swift */; };
		A15FCB0E2B9980A000D64C05 /* BookmarkList.swift in Sources */ = {isa = PBXBuildFile; fileRef = A15FCB0D2B9980A000D64C05 /* BookmarkList.swift */; };
		A15FCB122B999D7700D64C05 /* BookmarkGroupTitle.swift in Sources */ = {isa = PBXBuildFile; fileRef = A15FCB112B999D7700D64C05 /* BookmarkGroupTitle.swift */; };
		A16920102B2FA82200F8B4C0 /* Assets.xcassets in Resources */ = {isa = PBXBuildFile; fileRef = A169200F2B2FA82200F8B4C0 /* Assets.xcassets */; };
		A16920132B2FA82200F8B4C0 /* Preview Assets.xcassets in Resources */ = {isa = PBXBuildFile; fileRef = A16920122B2FA82200F8B4C0 /* Preview Assets.xcassets */; };
		A16BCAEE2B8EAC34004639F2 /* DomainPermission.swift in Sources */ = {isa = PBXBuildFile; fileRef = A16BCAED2B8EAC34004639F2 /* DomainPermission.swift */; };
		A16BCAF02B8F7BF3004639F2 /* NotificationDialog.swift in Sources */ = {isa = PBXBuildFile; fileRef = A16BCAEF2B8F7BF3004639F2 /* NotificationDialog.swift */; };
		A16BCAF22B8FC9DE004639F2 /* DialogButtonCancelStyle.swift in Sources */ = {isa = PBXBuildFile; fileRef = A16BCAF12B8FC9DE004639F2 /* DialogButtonCancelStyle.swift */; };
		A16BCAF42B8FFBEB004639F2 /* HistoryBackBtn.swift in Sources */ = {isa = PBXBuildFile; fileRef = A16BCAF32B8FFBEB004639F2 /* HistoryBackBtn.swift */; };
		A16BCAF62B8FFBFD004639F2 /* HistoryForwardBtn.swift in Sources */ = {isa = PBXBuildFile; fileRef = A16BCAF52B8FFBFD004639F2 /* HistoryForwardBtn.swift */; };
		A16BCAF82B8FFC11004639F2 /* HistoryRefreshBtn.swift in Sources */ = {isa = PBXBuildFile; fileRef = A16BCAF72B8FFC11004639F2 /* HistoryRefreshBtn.swift */; };
		A16BCAFA2B8FFFC0004639F2 /* SiteOptionDialog.swift in Sources */ = {isa = PBXBuildFile; fileRef = A16BCAF92B8FFFC0004639F2 /* SiteOptionDialog.swift */; };
		A16BCAFC2B907878004639F2 /* ToggleSwitch.swift in Sources */ = {isa = PBXBuildFile; fileRef = A16BCAFB2B907878004639F2 /* ToggleSwitch.swift */; };
		A16BCB002B93B38E004639F2 /* not-connect-host in Resources */ = {isa = PBXBuildFile; fileRef = A16BCAFF2B93B38E004639F2 /* not-connect-host */; };
		A16BCB082B944ECD004639F2 /* not-find-host in Resources */ = {isa = PBXBuildFile; fileRef = A16BCB052B944ECD004639F2 /* not-find-host */; };
		A16BCB092B944ECD004639F2 /* not-connect-internet in Resources */ = {isa = PBXBuildFile; fileRef = A16BCB062B944ECD004639F2 /* not-connect-internet */; };
		A16BCB0A2B944ECD004639F2 /* unknown in Resources */ = {isa = PBXBuildFile; fileRef = A16BCB072B944ECD004639F2 /* unknown */; };
		A16BCB0E2B96D147004639F2 /* WindowTitleBarView.swift in Sources */ = {isa = PBXBuildFile; fileRef = A16BCB0D2B96D147004639F2 /* WindowTitleBarView.swift */; };
		A16BCB102B96D30F004639F2 /* NavigationSearchView.swift in Sources */ = {isa = PBXBuildFile; fileRef = A16BCB0F2B96D30F004639F2 /* NavigationSearchView.swift */; };
		A16BCB122B9849FF004639F2 /* SideBarView.swift in Sources */ = {isa = PBXBuildFile; fileRef = A16BCB112B9849FF004639F2 /* SideBarView.swift */; };
		A16BCB142B9852B7004639F2 /* SearchBoxArea.swift in Sources */ = {isa = PBXBuildFile; fileRef = A16BCB132B9852B7004639F2 /* SearchBoxArea.swift */; };
		A16BCB182B985A57004639F2 /* BookmarkIcon.swift in Sources */ = {isa = PBXBuildFile; fileRef = A16BCB172B985A57004639F2 /* BookmarkIcon.swift */; };
		A16BCB1A2B985F9F004639F2 /* Bookmark.swift in Sources */ = {isa = PBXBuildFile; fileRef = A16BCB192B985F9F004639F2 /* Bookmark.swift */; };
		A17245E22B8CBE230049F58D /* GeoLocationDialog.swift in Sources */ = {isa = PBXBuildFile; fileRef = A17245E12B8CBE230049F58D /* GeoLocationDialog.swift */; };
		A17245E42B8CCCE70049F58D /* DialogButtonStyle.swift in Sources */ = {isa = PBXBuildFile; fileRef = A17245E32B8CCCE70049F58D /* DialogButtonStyle.swift */; };
		A188C93E2B4A551B00B39BC8 /* ContentView.swift in Sources */ = {isa = PBXBuildFile; fileRef = A188C93D2B4A551B00B39BC8 /* ContentView.swift */; };
		A188C9452B4A948C00B39BC8 /* Tab.swift in Sources */ = {isa = PBXBuildFile; fileRef = A188C9442B4A948C00B39BC8 /* Tab.swift */; };
		A188C9492B4ACECD00B39BC8 /* Navigation.swift in Sources */ = {isa = PBXBuildFile; fileRef = A188C9482B4ACECD00B39BC8 /* Navigation.swift */; };
		A188C9512B4D3D6000B39BC8 /* ExpandList.swift in Sources */ = {isa = PBXBuildFile; fileRef = A188C9502B4D3D6000B39BC8 /* ExpandList.swift */; };
		A188C95B2B4EBB8D00B39BC8 /* StringURL.swift in Sources */ = {isa = PBXBuildFile; fileRef = A188C95A2B4EBB8D00B39BC8 /* StringURL.swift */; };
		A188C95D2B4EBBC700B39BC8 /* WebNSView.swift in Sources */ = {isa = PBXBuildFile; fileRef = A188C95C2B4EBBC700B39BC8 /* WebNSView.swift */; };
		A188C9642B4EBE9800B39BC8 /* URL.swift in Sources */ = {isa = PBXBuildFile; fileRef = A188C9632B4EBE9800B39BC8 /* URL.swift */; };
		A188C9662B4ECBB800B39BC8 /* MainView.swift in Sources */ = {isa = PBXBuildFile; fileRef = A188C9652B4ECBB800B39BC8 /* MainView.swift */; };
		A188C9682B4ED3F600B39BC8 /* Browser.swift in Sources */ = {isa = PBXBuildFile; fileRef = A188C9672B4ED3F600B39BC8 /* Browser.swift */; };
		A188C96D2B50080F00B39BC8 /* BrowserTabView.swift in Sources */ = {isa = PBXBuildFile; fileRef = A188C96C2B50080F00B39BC8 /* BrowserTabView.swift */; };
		A18D0B7C2B5D1C02003F8DF0 /* SearchEngine.swift in Sources */ = {isa = PBXBuildFile; fileRef = A18D0B7B2B5D1C02003F8DF0 /* SearchEngine.swift */; };
		A1A1D8D12B60693D008FD44F /* SchemeHandler.swift in Sources */ = {isa = PBXBuildFile; fileRef = A1A1D8D02B60693D008FD44F /* SchemeHandler.swift */; };
		A1A1D8D82B62B6BB008FD44F /* Localizable.strings in Resources */ = {isa = PBXBuildFile; fileRef = A1A1D8DA2B62B6BB008FD44F /* Localizable.strings */; };
		A1B1A6E92B85F42D006B665E /* ScriptHandler.swift in Sources */ = {isa = PBXBuildFile; fileRef = A1B1A6E82B85F42D006B665E /* ScriptHandler.swift */; };
		A1B1A6F32B860023006B665E /* new-tab in Resources */ = {isa = PBXBuildFile; fileRef = A1B1A6F22B860023006B665E /* new-tab */; };
/* End PBXBuildFile section */

/* Begin PBXFileReference section */
		A10DA6692BAE62860053913D /* SearchAutoCompleteItemNSView.swift */ = {isa = PBXFileReference; lastKnownFileType = sourcecode.swift; path = SearchAutoCompleteItemNSView.swift; sourceTree = "<group>"; };
		A10DA66B2BB0785C0053913D /* VisitManager.swift */ = {isa = PBXFileReference; lastKnownFileType = sourcecode.swift; path = VisitManager.swift; sourceTree = "<group>"; };
		A10DA66D2BB12EA20053913D /* SearchAutoCompleteVisitItemNSView.swift */ = {isa = PBXFileReference; lastKnownFileType = sourcecode.swift; path = SearchAutoCompleteVisitItemNSView.swift; sourceTree = "<group>"; };
		A10DA66F2BB12EF20053913D /* SearchAutoCompleteVisitItem.swift */ = {isa = PBXFileReference; lastKnownFileType = sourcecode.swift; path = SearchAutoCompleteVisitItem.swift; sourceTree = "<group>"; };
		A10DA6712BB3952D0053913D /* settings */ = {isa = PBXFileReference; lastKnownFileType = folder; path = settings; sourceTree = "<group>"; };
		A10DA6732BB395B60053913D /* MoreMenuDialog.swift */ = {isa = PBXFileReference; lastKnownFileType = sourcecode.swift; path = MoreMenuDialog.swift; sourceTree = "<group>"; };
		A10DA6772BB3ABD70053913D /* SearchEngineList.swift */ = {isa = PBXFileReference; lastKnownFileType = sourcecode.swift; path = SearchEngineList.swift; sourceTree = "<group>"; };
		A10DA6792BB3B64A0053913D /* OpacityBrowserSettings.swift */ = {isa = PBXFileReference; lastKnownFileType = sourcecode.swift; path = OpacityBrowserSettings.swift; sourceTree = "<group>"; };
		A10DA67B2BB522880053913D /* SearchHistorySettings.swift */ = {isa = PBXFileReference; lastKnownFileType = sourcecode.swift; path = SearchHistorySettings.swift; sourceTree = "<group>"; };
		A11EDAC92B9EE774000D07CB /* BookmarkDialog.swift */ = {isa = PBXFileReference; lastKnownFileType = sourcecode.swift; path = BookmarkDialog.swift; sourceTree = "<group>"; };
		A11EDACB2B9F0250000D07CB /* BookmarkTitle.swift */ = {isa = PBXFileReference; lastKnownFileType = sourcecode.swift; path = BookmarkTitle.swift; sourceTree = "<group>"; };
		A11EDACD2B9F087F000D07CB /* ManualUpdate.swift */ = {isa = PBXFileReference; lastKnownFileType = sourcecode.swift; path = ManualUpdate.swift; sourceTree = "<group>"; };
		A11EDACF2BA09329000D07CB /* BookmarkManager.swift */ = {isa = PBXFileReference; lastKnownFileType = sourcecode.swift; path = BookmarkManager.swift; sourceTree = "<group>"; };
		A11EDAD22BA2B41E000D07CB /* BookmarkSearch.swift */ = {isa = PBXFileReference; lastKnownFileType = sourcecode.swift; path = BookmarkSearch.swift; sourceTree = "<group>"; };
		A11EDAD42BA2D5F1000D07CB /* BookmarkSearchList.swift */ = {isa = PBXFileReference; lastKnownFileType = sourcecode.swift; path = BookmarkSearchList.swift; sourceTree = "<group>"; };
		A11EDAD62BA422E7000D07CB /* SearchHistory.swift */ = {isa = PBXFileReference; lastKnownFileType = sourcecode.swift; path = SearchHistory.swift; sourceTree = "<group>"; };
		A11EDAD82BA42E2F000D07CB /* VisitHistory.swift */ = {isa = PBXFileReference; lastKnownFileType = sourcecode.swift; path = VisitHistory.swift; sourceTree = "<group>"; };
		A11EDADA2BA430FA000D07CB /* SearchHistoryGroup.swift */ = {isa = PBXFileReference; lastKnownFileType = sourcecode.swift; path = SearchHistoryGroup.swift; sourceTree = "<group>"; };
		A11EDADC2BA431A7000D07CB /* VisitHistoryGroup.swift */ = {isa = PBXFileReference; lastKnownFileType = sourcecode.swift; path = VisitHistoryGroup.swift; sourceTree = "<group>"; };
		A11EDADE2BA45BAE000D07CB /* SearchManager.swift */ = {isa = PBXFileReference; lastKnownFileType = sourcecode.swift; path = SearchManager.swift; sourceTree = "<group>"; };
		A11EDAE02BA4D234000D07CB /* SearchBoxDialog.swift */ = {isa = PBXFileReference; lastKnownFileType = sourcecode.swift; path = SearchBoxDialog.swift; sourceTree = "<group>"; };
		A11EDAE22BA5EC3A000D07CB /* SearchAutoComplete.swift */ = {isa = PBXFileReference; lastKnownFileType = sourcecode.swift; path = SearchAutoComplete.swift; sourceTree = "<group>"; };
		A11EDAE52BA62CAA000D07CB /* SearchAutoCompleteBox.swift */ = {isa = PBXFileReference; lastKnownFileType = sourcecode.swift; path = SearchAutoCompleteBox.swift; sourceTree = "<group>"; };
		A11EDAE72BA6BD42000D07CB /* SearchAutoCompleteItem.swift */ = {isa = PBXFileReference; lastKnownFileType = sourcecode.swift; path = SearchAutoCompleteItem.swift; sourceTree = "<group>"; };
		A11EDAEB2BA6EE06000D07CB /* SearchEditBox.swift */ = {isa = PBXFileReference; lastKnownFileType = sourcecode.swift; path = SearchEditBox.swift; sourceTree = "<group>"; };
		A11EDAEF2BA9A457000D07CB /* SearchNSTextField.swift */ = {isa = PBXFileReference; lastKnownFileType = sourcecode.swift; path = SearchNSTextField.swift; sourceTree = "<group>"; };
		A134711D2B43F00800A3AE59 /* OpacityApp.swift */ = {isa = PBXFileReference; indentWidth = 2; lastKnownFileType = sourcecode.swift; name = OpacityApp.swift; path = Opacity/OpacityApp.swift; sourceTree = "<group>"; tabWidth = 2; };
		A14246152B71EF190062C516 /* TabItem.swift */ = {isa = PBXFileReference; lastKnownFileType = sourcecode.swift; path = TabItem.swift; sourceTree = "<group>"; };
		A14246172B71F1A80062C516 /* TabItemNSView.swift */ = {isa = PBXFileReference; lastKnownFileType = sourcecode.swift; path = TabItemNSView.swift; sourceTree = "<group>"; };
		A14246192B735E5F0062C516 /* Service.swift */ = {isa = PBXFileReference; lastKnownFileType = sourcecode.swift; path = Service.swift; sourceTree = "<group>"; };
		A14246212B7C64FE0062C516 /* TabAreaNSView.swift */ = {isa = PBXFileReference; lastKnownFileType = sourcecode.swift; path = TabAreaNSView.swift; sourceTree = "<group>"; };
		A14246232B7E51450062C516 /* TabDialog.swift */ = {isa = PBXFileReference; lastKnownFileType = sourcecode.swift; path = TabDialog.swift; sourceTree = "<group>"; };
		A14246252B7E7DA30062C516 /* TabDialogItemNSView.swift */ = {isa = PBXFileReference; lastKnownFileType = sourcecode.swift; path = TabDialogItemNSView.swift; sourceTree = "<group>"; };
		A14246272B7E7E010062C516 /* TabDialogItem.swift */ = {isa = PBXFileReference; lastKnownFileType = sourcecode.swift; path = TabDialogItem.swift; sourceTree = "<group>"; };
		A142462B2B7FB5490062C516 /* HistoryKeyNSView.swift */ = {isa = PBXFileReference; lastKnownFileType = sourcecode.swift; path = HistoryKeyNSView.swift; sourceTree = "<group>"; };
		A142462F2B80E3CD0062C516 /* HistoryDialog.swift */ = {isa = PBXFileReference; lastKnownFileType = sourcecode.swift; path = HistoryDialog.swift; sourceTree = "<group>"; };
		A14246312B810D100062C516 /* HistorySite.swift */ = {isa = PBXFileReference; lastKnownFileType = sourcecode.swift; path = HistorySite.swift; sourceTree = "<group>"; };
		A14246332B8132E50062C516 /* HistoryDialogItem.swift */ = {isa = PBXFileReference; lastKnownFileType = sourcecode.swift; path = HistoryDialogItem.swift; sourceTree = "<group>"; };
		A14246352B813A5B0062C516 /* HistoryKeyButton.swift */ = {isa = PBXFileReference; lastKnownFileType = sourcecode.swift; path = HistoryKeyButton.swift; sourceTree = "<group>"; };
		A15D54102B5574B9007020CA /* WindowTitlebar.swift */ = {isa = PBXFileReference; lastKnownFileType = sourcecode.swift; path = WindowTitlebar.swift; sourceTree = "<group>"; };
		A15D54132B561BEC007020CA /* BrowserTabShape.swift */ = {isa = PBXFileReference; lastKnownFileType = sourcecode.swift; path = BrowserTabShape.swift; sourceTree = "<group>"; };
		A15D541A2B56B40F007020CA /* AppDelegate.swift */ = {isa = PBXFileReference; lastKnownFileType = sourcecode.swift; path = AppDelegate.swift; sourceTree = "<group>"; };
		A15D54222B590B4D007020CA /* VisualEffectNSView.swift */ = {isa = PBXFileReference; lastKnownFileType = sourcecode.swift; path = VisualEffectNSView.swift; sourceTree = "<group>"; };
		A15D54262B5BA457007020CA /* ImageLoader.swift */ = {isa = PBXFileReference; lastKnownFileType = sourcecode.swift; path = ImageLoader.swift; sourceTree = "<group>"; };
		A15FCB0D2B9980A000D64C05 /* BookmarkList.swift */ = {isa = PBXFileReference; lastKnownFileType = sourcecode.swift; path = BookmarkList.swift; sourceTree = "<group>"; };
		A15FCB112B999D7700D64C05 /* BookmarkGroupTitle.swift */ = {isa = PBXFileReference; lastKnownFileType = sourcecode.swift; path = BookmarkGroupTitle.swift; sourceTree = "<group>"; };
		A16920082B2FA82100F8B4C0 /* Opacity.app */ = {isa = PBXFileReference; explicitFileType = wrapper.application; includeInIndex = 0; path = Opacity.app; sourceTree = BUILT_PRODUCTS_DIR; };
		A169200F2B2FA82200F8B4C0 /* Assets.xcassets */ = {isa = PBXFileReference; lastKnownFileType = folder.assetcatalog; name = Assets.xcassets; path = Opacity/Assets.xcassets; sourceTree = "<group>"; };
		A16920122B2FA82200F8B4C0 /* Preview Assets.xcassets */ = {isa = PBXFileReference; lastKnownFileType = folder.assetcatalog; path = "Preview Assets.xcassets"; sourceTree = "<group>"; };
		A16920142B2FA82200F8B4C0 /* Opacity.entitlements */ = {isa = PBXFileReference; lastKnownFileType = text.plist.entitlements; name = Opacity.entitlements; path = Opacity/Opacity.entitlements; sourceTree = "<group>"; };
		A16BCAED2B8EAC34004639F2 /* DomainPermission.swift */ = {isa = PBXFileReference; lastKnownFileType = sourcecode.swift; path = DomainPermission.swift; sourceTree = "<group>"; };
		A16BCAEF2B8F7BF3004639F2 /* NotificationDialog.swift */ = {isa = PBXFileReference; lastKnownFileType = sourcecode.swift; path = NotificationDialog.swift; sourceTree = "<group>"; };
		A16BCAF12B8FC9DE004639F2 /* DialogButtonCancelStyle.swift */ = {isa = PBXFileReference; lastKnownFileType = sourcecode.swift; path = DialogButtonCancelStyle.swift; sourceTree = "<group>"; };
		A16BCAF32B8FFBEB004639F2 /* HistoryBackBtn.swift */ = {isa = PBXFileReference; lastKnownFileType = sourcecode.swift; path = HistoryBackBtn.swift; sourceTree = "<group>"; };
		A16BCAF52B8FFBFD004639F2 /* HistoryForwardBtn.swift */ = {isa = PBXFileReference; lastKnownFileType = sourcecode.swift; path = HistoryForwardBtn.swift; sourceTree = "<group>"; };
		A16BCAF72B8FFC11004639F2 /* HistoryRefreshBtn.swift */ = {isa = PBXFileReference; lastKnownFileType = sourcecode.swift; path = HistoryRefreshBtn.swift; sourceTree = "<group>"; };
		A16BCAF92B8FFFC0004639F2 /* SiteOptionDialog.swift */ = {isa = PBXFileReference; lastKnownFileType = sourcecode.swift; path = SiteOptionDialog.swift; sourceTree = "<group>"; };
		A16BCAFB2B907878004639F2 /* ToggleSwitch.swift */ = {isa = PBXFileReference; lastKnownFileType = sourcecode.swift; path = ToggleSwitch.swift; sourceTree = "<group>"; };
		A16BCAFF2B93B38E004639F2 /* not-connect-host */ = {isa = PBXFileReference; lastKnownFileType = folder; path = "not-connect-host"; sourceTree = "<group>"; };
		A16BCB052B944ECD004639F2 /* not-find-host */ = {isa = PBXFileReference; lastKnownFileType = folder; path = "not-find-host"; sourceTree = "<group>"; };
		A16BCB062B944ECD004639F2 /* not-connect-internet */ = {isa = PBXFileReference; lastKnownFileType = folder; path = "not-connect-internet"; sourceTree = "<group>"; };
		A16BCB072B944ECD004639F2 /* unknown */ = {isa = PBXFileReference; lastKnownFileType = folder; path = unknown; sourceTree = "<group>"; };
		A16BCB0D2B96D147004639F2 /* WindowTitleBarView.swift */ = {isa = PBXFileReference; lastKnownFileType = sourcecode.swift; path = WindowTitleBarView.swift; sourceTree = "<group>"; };
		A16BCB0F2B96D30F004639F2 /* NavigationSearchView.swift */ = {isa = PBXFileReference; lastKnownFileType = sourcecode.swift; path = NavigationSearchView.swift; sourceTree = "<group>"; };
		A16BCB112B9849FF004639F2 /* SideBarView.swift */ = {isa = PBXFileReference; lastKnownFileType = sourcecode.swift; path = SideBarView.swift; sourceTree = "<group>"; };
		A16BCB132B9852B7004639F2 /* SearchBoxArea.swift */ = {isa = PBXFileReference; lastKnownFileType = sourcecode.swift; path = SearchBoxArea.swift; sourceTree = "<group>"; };
		A16BCB172B985A57004639F2 /* BookmarkIcon.swift */ = {isa = PBXFileReference; lastKnownFileType = sourcecode.swift; path = BookmarkIcon.swift; sourceTree = "<group>"; };
		A16BCB192B985F9F004639F2 /* Bookmark.swift */ = {isa = PBXFileReference; lastKnownFileType = sourcecode.swift; path = Bookmark.swift; sourceTree = "<group>"; };
		A17245E12B8CBE230049F58D /* GeoLocationDialog.swift */ = {isa = PBXFileReference; lastKnownFileType = sourcecode.swift; path = GeoLocationDialog.swift; sourceTree = "<group>"; };
		A17245E32B8CCCE70049F58D /* DialogButtonStyle.swift */ = {isa = PBXFileReference; lastKnownFileType = sourcecode.swift; path = DialogButtonStyle.swift; sourceTree = "<group>"; };
		A188C93D2B4A551B00B39BC8 /* ContentView.swift */ = {isa = PBXFileReference; lastKnownFileType = sourcecode.swift; path = ContentView.swift; sourceTree = "<group>"; };
		A188C9442B4A948C00B39BC8 /* Tab.swift */ = {isa = PBXFileReference; lastKnownFileType = sourcecode.swift; path = Tab.swift; sourceTree = "<group>"; };
		A188C9482B4ACECD00B39BC8 /* Navigation.swift */ = {isa = PBXFileReference; lastKnownFileType = sourcecode.swift; path = Navigation.swift; sourceTree = "<group>"; };
		A188C9502B4D3D6000B39BC8 /* ExpandList.swift */ = {isa = PBXFileReference; lastKnownFileType = sourcecode.swift; path = ExpandList.swift; sourceTree = "<group>"; };
		A188C95A2B4EBB8D00B39BC8 /* StringURL.swift */ = {isa = PBXFileReference; lastKnownFileType = sourcecode.swift; path = StringURL.swift; sourceTree = "<group>"; };
		A188C95C2B4EBBC700B39BC8 /* WebNSView.swift */ = {isa = PBXFileReference; lastKnownFileType = sourcecode.swift; path = WebNSView.swift; sourceTree = "<group>"; };
		A188C9632B4EBE9800B39BC8 /* URL.swift */ = {isa = PBXFileReference; lastKnownFileType = sourcecode.swift; path = URL.swift; sourceTree = "<group>"; };
		A188C9652B4ECBB800B39BC8 /* MainView.swift */ = {isa = PBXFileReference; lastKnownFileType = sourcecode.swift; path = MainView.swift; sourceTree = "<group>"; };
		A188C9672B4ED3F600B39BC8 /* Browser.swift */ = {isa = PBXFileReference; lastKnownFileType = sourcecode.swift; path = Browser.swift; sourceTree = "<group>"; };
		A188C96C2B50080F00B39BC8 /* BrowserTabView.swift */ = {isa = PBXFileReference; lastKnownFileType = sourcecode.swift; path = BrowserTabView.swift; sourceTree = "<group>"; };
		A18D0B7B2B5D1C02003F8DF0 /* SearchEngine.swift */ = {isa = PBXFileReference; lastKnownFileType = sourcecode.swift; path = SearchEngine.swift; sourceTree = "<group>"; };
		A1A1D8D02B60693D008FD44F /* SchemeHandler.swift */ = {isa = PBXFileReference; lastKnownFileType = sourcecode.swift; path = SchemeHandler.swift; sourceTree = "<group>"; };
		A1A1D8D92B62B6BB008FD44F /* en */ = {isa = PBXFileReference; lastKnownFileType = text.plist.strings; name = en; path = en.lproj/Localizable.strings; sourceTree = "<group>"; };
		A1A1D8DB2B62B6BD008FD44F /* ko */ = {isa = PBXFileReference; lastKnownFileType = text.plist.strings; name = ko; path = ko.lproj/Localizable.strings; sourceTree = "<group>"; };
		A1A1D8DC2B62B857008FD44F /* fr */ = {isa = PBXFileReference; lastKnownFileType = text.plist.strings; name = fr; path = fr.lproj/Localizable.strings; sourceTree = "<group>"; };
		A1A1D8DD2B62B87D008FD44F /* de */ = {isa = PBXFileReference; lastKnownFileType = text.plist.strings; name = de; path = de.lproj/Localizable.strings; sourceTree = "<group>"; };
		A1A1D8DE2B62B88B008FD44F /* ja */ = {isa = PBXFileReference; lastKnownFileType = text.plist.strings; name = ja; path = ja.lproj/Localizable.strings; sourceTree = "<group>"; };
		A1A1D8DF2B62B8A5008FD44F /* es */ = {isa = PBXFileReference; lastKnownFileType = text.plist.strings; name = es; path = es.lproj/Localizable.strings; sourceTree = "<group>"; };
		A1A1D8E02B62BB4F008FD44F /* zh-Hans */ = {isa = PBXFileReference; lastKnownFileType = text.plist.strings; name = "zh-Hans"; path = "zh-Hans.lproj/Localizable.strings"; sourceTree = "<group>"; };
		A1A1D8E22B62BC70008FD44F /* hi */ = {isa = PBXFileReference; lastKnownFileType = text.plist.strings; name = hi; path = hi.lproj/Localizable.strings; sourceTree = "<group>"; };
		A1B1A6E82B85F42D006B665E /* ScriptHandler.swift */ = {isa = PBXFileReference; lastKnownFileType = sourcecode.swift; path = ScriptHandler.swift; sourceTree = "<group>"; };
		A1B1A6F22B860023006B665E /* new-tab */ = {isa = PBXFileReference; lastKnownFileType = folder; path = "new-tab"; sourceTree = "<group>"; };
/* End PBXFileReference section */

/* Begin PBXFrameworksBuildPhase section */
		A16920052B2FA82100F8B4C0 /* Frameworks */ = {
			isa = PBXFrameworksBuildPhase;
			buildActionMask = 2147483647;
			files = (
			);
			runOnlyForDeploymentPostprocessing = 0;
		};
/* End PBXFrameworksBuildPhase section */

/* Begin PBXGroup section */
		A11EDAE42BA62C9E000D07CB /* Search */ = {
			isa = PBXGroup;
			children = (
				A11EDAEB2BA6EE06000D07CB /* SearchEditBox.swift */,
				A11EDAE52BA62CAA000D07CB /* SearchAutoCompleteBox.swift */,
				A11EDAE22BA5EC3A000D07CB /* SearchAutoComplete.swift */,
				A11EDAE72BA6BD42000D07CB /* SearchAutoCompleteItem.swift */,
				A10DA66F2BB12EF20053913D /* SearchAutoCompleteVisitItem.swift */,
			);
			path = Search;
			sourceTree = "<group>";
		};
		A12D053C2B600C4C00CBC6B2 /* HTML */ = {
			isa = PBXGroup;
			children = (
				A10DA6712BB3952D0053913D /* settings */,
				A16BCB062B944ECD004639F2 /* not-connect-internet */,
				A16BCB052B944ECD004639F2 /* not-find-host */,
				A16BCB072B944ECD004639F2 /* unknown */,
				A16BCAFF2B93B38E004639F2 /* not-connect-host */,
				A1B1A6F22B860023006B665E /* new-tab */,
			);
			path = HTML;
			sourceTree = "<group>";
		};
		A15D54122B561BCF007020CA /* Shape */ = {
			isa = PBXGroup;
			children = (
				A15D54132B561BEC007020CA /* BrowserTabShape.swift */,
				A17245E32B8CCCE70049F58D /* DialogButtonStyle.swift */,
				A16BCAF12B8FC9DE004639F2 /* DialogButtonCancelStyle.swift */,
			);
			path = Shape;
			sourceTree = "<group>";
		};
		A15D54192B56B3F4007020CA /* AppKit */ = {
			isa = PBXGroup;
			children = (
				A15D541A2B56B40F007020CA /* AppDelegate.swift */,
				A188C95C2B4EBBC700B39BC8 /* WebNSView.swift */,
				A15D54222B590B4D007020CA /* VisualEffectNSView.swift */,
				A14246172B71F1A80062C516 /* TabItemNSView.swift */,
				A14246212B7C64FE0062C516 /* TabAreaNSView.swift */,
				A14246252B7E7DA30062C516 /* TabDialogItemNSView.swift */,
				A142462B2B7FB5490062C516 /* HistoryKeyNSView.swift */,
				A11EDAEF2BA9A457000D07CB /* SearchNSTextField.swift */,
				A10DA6692BAE62860053913D /* SearchAutoCompleteItemNSView.swift */,
				A10DA66D2BB12EA20053913D /* SearchAutoCompleteVisitItemNSView.swift */,
			);
			path = AppKit;
			sourceTree = "<group>";
		};
		A15FCB0F2B999D2900D64C05 /* Item */ = {
			isa = PBXGroup;
			children = (
				A11EDAE42BA62C9E000D07CB /* Search */,
				A15FCB102B999D5100D64C05 /* Bookmark */,
			);
			path = Item;
			sourceTree = "<group>";
		};
		A15FCB102B999D5100D64C05 /* Bookmark */ = {
			isa = PBXGroup;
			children = (
				A15FCB0D2B9980A000D64C05 /* BookmarkList.swift */,
				A16BCB172B985A57004639F2 /* BookmarkIcon.swift */,
				A15FCB112B999D7700D64C05 /* BookmarkGroupTitle.swift */,
				A11EDACB2B9F0250000D07CB /* BookmarkTitle.swift */,
				A11EDAD22BA2B41E000D07CB /* BookmarkSearch.swift */,
				A11EDAD42BA2D5F1000D07CB /* BookmarkSearchList.swift */,
			);
			path = Bookmark;
			sourceTree = "<group>";
		};
		A1691FFF2B2FA82100F8B4C0 = {
			isa = PBXGroup;
			children = (
				A169200A2B2FA82100F8B4C0 /* Opacity */,
				A16920092B2FA82100F8B4C0 /* Products */,
			);
			sourceTree = "<group>";
		};
		A16920092B2FA82100F8B4C0 /* Products */ = {
			isa = PBXGroup;
			children = (
				A16920082B2FA82100F8B4C0 /* Opacity.app */,
			);
			name = Products;
			sourceTree = "<group>";
		};
		A169200A2B2FA82100F8B4C0 /* Opacity */ = {
			isa = PBXGroup;
			children = (
				A12D053C2B600C4C00CBC6B2 /* HTML */,
				A15D54192B56B3F4007020CA /* AppKit */,
				A15D54122B561BCF007020CA /* Shape */,
				A188C9692B4F8E5800B39BC8 /* Manager */,
				A188C9622B4EBE8B00B39BC8 /* Constant */,
				A188C9592B4EBB7200B39BC8 /* Helper */,
				A15FCB0F2B999D2900D64C05 /* Item */,
				A188C94F2B4D3D3900B39BC8 /* Component */,
				A188C93F2B4A910B00B39BC8 /* Model */,
				A188C93C2B4A550E00B39BC8 /* View */,
				A134711D2B43F00800A3AE59 /* OpacityApp.swift */,
				A169200F2B2FA82200F8B4C0 /* Assets.xcassets */,
				A16920142B2FA82200F8B4C0 /* Opacity.entitlements */,
				A1A1D8DA2B62B6BB008FD44F /* Localizable.strings */,
				A16920112B2FA82200F8B4C0 /* Preview Content */,
			);
			name = Opacity;
			sourceTree = "<group>";
		};
		A16920112B2FA82200F8B4C0 /* Preview Content */ = {
			isa = PBXGroup;
			children = (
				A16920122B2FA82200F8B4C0 /* Preview Assets.xcassets */,
			);
			name = "Preview Content";
			path = "Opacity/Preview Content";
			sourceTree = "<group>";
		};
		A188C93C2B4A550E00B39BC8 /* View */ = {
			isa = PBXGroup;
			children = (
				A188C93D2B4A551B00B39BC8 /* ContentView.swift */,
				A188C9652B4ECBB800B39BC8 /* MainView.swift */,
				A188C96C2B50080F00B39BC8 /* BrowserTabView.swift */,
				A16BCB0D2B96D147004639F2 /* WindowTitleBarView.swift */,
				A16BCB0F2B96D30F004639F2 /* NavigationSearchView.swift */,
				A16BCB112B9849FF004639F2 /* SideBarView.swift */,
			);
			path = View;
			sourceTree = "<group>";
		};
		A188C93F2B4A910B00B39BC8 /* Model */ = {
			isa = PBXGroup;
			children = (
				A188C9442B4A948C00B39BC8 /* Tab.swift */,
				A188C9672B4ED3F600B39BC8 /* Browser.swift */,
				A18D0B7B2B5D1C02003F8DF0 /* SearchEngine.swift */,
				A14246192B735E5F0062C516 /* Service.swift */,
				A14246312B810D100062C516 /* HistorySite.swift */,
				A16BCAED2B8EAC34004639F2 /* DomainPermission.swift */,
				A16BCB192B985F9F004639F2 /* Bookmark.swift */,
				A11EDACD2B9F087F000D07CB /* ManualUpdate.swift */,
				A11EDADA2BA430FA000D07CB /* SearchHistoryGroup.swift */,
				A11EDAD62BA422E7000D07CB /* SearchHistory.swift */,
				A11EDADC2BA431A7000D07CB /* VisitHistoryGroup.swift */,
				A11EDAD82BA42E2F000D07CB /* VisitHistory.swift */,
				A10DA6792BB3B64A0053913D /* OpacityBrowserSettings.swift */,
				A10DA67B2BB522880053913D /* SearchHistorySettings.swift */,
			);
			path = Model;
			sourceTree = "<group>";
		};
		A188C94F2B4D3D3900B39BC8 /* Component */ = {
			isa = PBXGroup;
			children = (
				A16BCAFB2B907878004639F2 /* ToggleSwitch.swift */,
				A14246152B71EF190062C516 /* TabItem.swift */,
				A188C9502B4D3D6000B39BC8 /* ExpandList.swift */,
				A14246232B7E51450062C516 /* TabDialog.swift */,
				A14246272B7E7E010062C516 /* TabDialogItem.swift */,
				A142462F2B80E3CD0062C516 /* HistoryDialog.swift */,
				A14246332B8132E50062C516 /* HistoryDialogItem.swift */,
				A14246352B813A5B0062C516 /* HistoryKeyButton.swift */,
				A17245E12B8CBE230049F58D /* GeoLocationDialog.swift */,
				A16BCAEF2B8F7BF3004639F2 /* NotificationDialog.swift */,
				A16BCAF32B8FFBEB004639F2 /* HistoryBackBtn.swift */,
				A16BCAF52B8FFBFD004639F2 /* HistoryForwardBtn.swift */,
				A16BCAF72B8FFC11004639F2 /* HistoryRefreshBtn.swift */,
				A16BCAF92B8FFFC0004639F2 /* SiteOptionDialog.swift */,
				A188C9482B4ACECD00B39BC8 /* Navigation.swift */,
				A15D54102B5574B9007020CA /* WindowTitlebar.swift */,
				A16BCB132B9852B7004639F2 /* SearchBoxArea.swift */,
				A11EDAC92B9EE774000D07CB /* BookmarkDialog.swift */,
				A11EDAE02BA4D234000D07CB /* SearchBoxDialog.swift */,
				A10DA6732BB395B60053913D /* MoreMenuDialog.swift */,
			);
			path = Component;
			sourceTree = "<group>";
		};
		A188C9592B4EBB7200B39BC8 /* Helper */ = {
			isa = PBXGroup;
			children = (
				A188C95A2B4EBB8D00B39BC8 /* StringURL.swift */,
				A15D54262B5BA457007020CA /* ImageLoader.swift */,
			);
			path = Helper;
			sourceTree = "<group>";
		};
		A188C9622B4EBE8B00B39BC8 /* Constant */ = {
			isa = PBXGroup;
			children = (
				A188C9632B4EBE9800B39BC8 /* URL.swift */,
				A10DA6772BB3ABD70053913D /* SearchEngineList.swift */,
			);
			path = Constant;
			sourceTree = "<group>";
		};
		A188C9692B4F8E5800B39BC8 /* Manager */ = {
			isa = PBXGroup;
			children = (
				A1A1D8D02B60693D008FD44F /* SchemeHandler.swift */,
				A1B1A6E82B85F42D006B665E /* ScriptHandler.swift */,
				A11EDACF2BA09329000D07CB /* BookmarkManager.swift */,
				A11EDADE2BA45BAE000D07CB /* SearchManager.swift */,
				A10DA66B2BB0785C0053913D /* VisitManager.swift */,
			);
			path = Manager;
			sourceTree = "<group>";
		};
/* End PBXGroup section */

/* Begin PBXNativeTarget section */
		A16920072B2FA82100F8B4C0 /* Opacity */ = {
			isa = PBXNativeTarget;
			buildConfigurationList = A16920172B2FA82200F8B4C0 /* Build configuration list for PBXNativeTarget "Opacity" */;
			buildPhases = (
				A16920042B2FA82100F8B4C0 /* Sources */,
				A16920052B2FA82100F8B4C0 /* Frameworks */,
				A16920062B2FA82100F8B4C0 /* Resources */,
			);
			buildRules = (
			);
			dependencies = (
			);
			name = Opacity;
			productName = AhPuh;
			productReference = A16920082B2FA82100F8B4C0 /* Opacity.app */;
			productType = "com.apple.product-type.application";
		};
/* End PBXNativeTarget section */

/* Begin PBXProject section */
		A16920002B2FA82100F8B4C0 /* Project object */ = {
			isa = PBXProject;
			attributes = {
				BuildIndependentTargetsInParallel = 1;
				LastSwiftUpdateCheck = 1510;
				LastUpgradeCheck = 1530;
				TargetAttributes = {
					A16920072B2FA82100F8B4C0 = {
						CreatedOnToolsVersion = 15.1;
					};
				};
			};
			buildConfigurationList = A16920032B2FA82100F8B4C0 /* Build configuration list for PBXProject "Opacity" */;
			compatibilityVersion = "Xcode 15.0";
			developmentRegion = en;
			hasScannedForEncodings = 0;
			knownRegions = (
				en,
				ko,
				fr,
				de,
				ja,
				es,
				"zh-Hans",
				hi,
				Base,
			);
			mainGroup = A1691FFF2B2FA82100F8B4C0;
			productRefGroup = A16920092B2FA82100F8B4C0 /* Products */;
			projectDirPath = "";
			projectRoot = "";
			targets = (
				A16920072B2FA82100F8B4C0 /* Opacity */,
			);
		};
/* End PBXProject section */

/* Begin PBXResourcesBuildPhase section */
		A16920062B2FA82100F8B4C0 /* Resources */ = {
			isa = PBXResourcesBuildPhase;
			buildActionMask = 2147483647;
			files = (
				A16BCB092B944ECD004639F2 /* not-connect-internet in Resources */,
				A16920132B2FA82200F8B4C0 /* Preview Assets.xcassets in Resources */,
				A16BCB082B944ECD004639F2 /* not-find-host in Resources */,
				A1A1D8D82B62B6BB008FD44F /* Localizable.strings in Resources */,
				A16BCB002B93B38E004639F2 /* not-connect-host in Resources */,
				A1B1A6F32B860023006B665E /* new-tab in Resources */,
				A16920102B2FA82200F8B4C0 /* Assets.xcassets in Resources */,
				A16BCB0A2B944ECD004639F2 /* unknown in Resources */,
				A10DA6722BB3952D0053913D /* settings in Resources */,
			);
			runOnlyForDeploymentPostprocessing = 0;
		};
/* End PBXResourcesBuildPhase section */

/* Begin PBXSourcesBuildPhase section */
		A16920042B2FA82100F8B4C0 /* Sources */ = {
			isa = PBXSourcesBuildPhase;
			buildActionMask = 2147483647;
			files = (
				A14246302B80E3CD0062C516 /* HistoryDialog.swift in Sources */,
				A1B1A6E92B85F42D006B665E /* ScriptHandler.swift in Sources */,
				A16BCB102B96D30F004639F2 /* NavigationSearchView.swift in Sources */,
				A16BCB122B9849FF004639F2 /* SideBarView.swift in Sources */,
				A16BCAEE2B8EAC34004639F2 /* DomainPermission.swift in Sources */,
				A10DA67C2BB522880053913D /* SearchHistorySettings.swift in Sources */,
				A188C95B2B4EBB8D00B39BC8 /* StringURL.swift in Sources */,
				A11EDAD92BA42E2F000D07CB /* VisitHistory.swift in Sources */,
				A16BCB142B9852B7004639F2 /* SearchBoxArea.swift in Sources */,
				A11EDADB2BA430FA000D07CB /* SearchHistoryGroup.swift in Sources */,
				A10DA6782BB3ABD70053913D /* SearchEngineList.swift in Sources */,
				A188C93E2B4A551B00B39BC8 /* ContentView.swift in Sources */,
				A11EDACC2B9F0250000D07CB /* BookmarkTitle.swift in Sources */,
				A15D54232B590B4D007020CA /* VisualEffectNSView.swift in Sources */,
				A15FCB0E2B9980A000D64C05 /* BookmarkList.swift in Sources */,
				A14246162B71EF190062C516 /* TabItem.swift in Sources */,
				A11EDAEC2BA6EE06000D07CB /* SearchEditBox.swift in Sources */,
				A16BCAFC2B907878004639F2 /* ToggleSwitch.swift in Sources */,
				A16BCAF62B8FFBFD004639F2 /* HistoryForwardBtn.swift in Sources */,
				A14246282B7E7E010062C516 /* TabDialogItem.swift in Sources */,
				A15D541B2B56B40F007020CA /* AppDelegate.swift in Sources */,
				A10DA66A2BAE62860053913D /* SearchAutoCompleteItemNSView.swift in Sources */,
				A14246222B7C64FE0062C516 /* TabAreaNSView.swift in Sources */,
				A142461A2B735E5F0062C516 /* Service.swift in Sources */,
				A134711E2B43F00800A3AE59 /* OpacityApp.swift in Sources */,
				A10DA67A2BB3B64A0053913D /* OpacityBrowserSettings.swift in Sources */,
				A188C9642B4EBE9800B39BC8 /* URL.swift in Sources */,
				A15FCB122B999D7700D64C05 /* BookmarkGroupTitle.swift in Sources */,
				A16BCB1A2B985F9F004639F2 /* Bookmark.swift in Sources */,
				A14246322B810D100062C516 /* HistorySite.swift in Sources */,
				A17245E42B8CCCE70049F58D /* DialogButtonStyle.swift in Sources */,
				A188C9452B4A948C00B39BC8 /* Tab.swift in Sources */,
				A10DA66E2BB12EA20053913D /* SearchAutoCompleteVisitItemNSView.swift in Sources */,
				A11EDADF2BA45BAE000D07CB /* SearchManager.swift in Sources */,
				A11EDAD52BA2D5F1000D07CB /* BookmarkSearchList.swift in Sources */,
				A14246262B7E7DA30062C516 /* TabDialogItemNSView.swift in Sources */,
				A11EDACE2B9F087F000D07CB /* ManualUpdate.swift in Sources */,
				A16BCAF02B8F7BF3004639F2 /* NotificationDialog.swift in Sources */,
				A18D0B7C2B5D1C02003F8DF0 /* SearchEngine.swift in Sources */,
				A10DA66C2BB0785C0053913D /* VisitManager.swift in Sources */,
				A11EDAD02BA09329000D07CB /* BookmarkManager.swift in Sources */,
				A16BCB182B985A57004639F2 /* BookmarkIcon.swift in Sources */,
				A11EDAD32BA2B41E000D07CB /* BookmarkSearch.swift in Sources */,
				A16BCB0E2B96D147004639F2 /* WindowTitleBarView.swift in Sources */,
				A14246342B8132E50062C516 /* HistoryDialogItem.swift in Sources */,
				A188C9682B4ED3F600B39BC8 /* Browser.swift in Sources */,
				A16BCAFA2B8FFFC0004639F2 /* SiteOptionDialog.swift in Sources */,
				A10DA6702BB12EF20053913D /* SearchAutoCompleteVisitItem.swift in Sources */,
				A16BCAF82B8FFC11004639F2 /* HistoryRefreshBtn.swift in Sources */,
				A11EDAD72BA422E7000D07CB /* SearchHistory.swift in Sources */,
				A188C9662B4ECBB800B39BC8 /* MainView.swift in Sources */,
				A142462C2B7FB5490062C516 /* HistoryKeyNSView.swift in Sources */,
				A16BCAF42B8FFBEB004639F2 /* HistoryBackBtn.swift in Sources */,
				A188C96D2B50080F00B39BC8 /* BrowserTabView.swift in Sources */,
				A11EDAE82BA6BD42000D07CB /* SearchAutoCompleteItem.swift in Sources */,
				A16BCAF22B8FC9DE004639F2 /* DialogButtonCancelStyle.swift in Sources */,
				A188C95D2B4EBBC700B39BC8 /* WebNSView.swift in Sources */,
				A15D54272B5BA457007020CA /* ImageLoader.swift in Sources */,
				A11EDAE12BA4D234000D07CB /* SearchBoxDialog.swift in Sources */,
				A11EDADD2BA431A7000D07CB /* VisitHistoryGroup.swift in Sources */,
				A14246362B813A5B0062C516 /* HistoryKeyButton.swift in Sources */,
				A188C9492B4ACECD00B39BC8 /* Navigation.swift in Sources */,
				A14246242B7E51450062C516 /* TabDialog.swift in Sources */,
				A11EDACA2B9EE774000D07CB /* BookmarkDialog.swift in Sources */,
				A11EDAE32BA5EC3A000D07CB /* SearchAutoComplete.swift in Sources */,
				A188C9512B4D3D6000B39BC8 /* ExpandList.swift in Sources */,
				A15D54142B561BEC007020CA /* BrowserTabShape.swift in Sources */,
				A10DA6742BB395B60053913D /* MoreMenuDialog.swift in Sources */,
				A15D54112B5574B9007020CA /* WindowTitlebar.swift in Sources */,
				A17245E22B8CBE230049F58D /* GeoLocationDialog.swift in Sources */,
				A1A1D8D12B60693D008FD44F /* SchemeHandler.swift in Sources */,
				A11EDAE62BA62CAA000D07CB /* SearchAutoCompleteBox.swift in Sources */,
				A14246182B71F1A80062C516 /* TabItemNSView.swift in Sources */,
				A11EDAF02BA9A457000D07CB /* SearchNSTextField.swift in Sources */,
			);
			runOnlyForDeploymentPostprocessing = 0;
		};
/* End PBXSourcesBuildPhase section */

/* Begin PBXVariantGroup section */
		A1A1D8DA2B62B6BB008FD44F /* Localizable.strings */ = {
			isa = PBXVariantGroup;
			children = (
				A1A1D8D92B62B6BB008FD44F /* en */,
				A1A1D8DB2B62B6BD008FD44F /* ko */,
				A1A1D8DC2B62B857008FD44F /* fr */,
				A1A1D8DD2B62B87D008FD44F /* de */,
				A1A1D8DE2B62B88B008FD44F /* ja */,
				A1A1D8DF2B62B8A5008FD44F /* es */,
				A1A1D8E02B62BB4F008FD44F /* zh-Hans */,
				A1A1D8E22B62BC70008FD44F /* hi */,
			);
			name = Localizable.strings;
			sourceTree = "<group>";
		};
/* End PBXVariantGroup section */

/* Begin XCBuildConfiguration section */
		A16920152B2FA82200F8B4C0 /* Debug */ = {
			isa = XCBuildConfiguration;
			buildSettings = {
				ALWAYS_SEARCH_USER_PATHS = NO;
				ASSETCATALOG_COMPILER_GENERATE_SWIFT_ASSET_SYMBOL_EXTENSIONS = YES;
				CLANG_ANALYZER_LOCALIZABILITY_NONLOCALIZED = YES;
				CLANG_ANALYZER_NONNULL = YES;
				CLANG_ANALYZER_NUMBER_OBJECT_CONVERSION = YES_AGGRESSIVE;
				CLANG_CXX_LANGUAGE_STANDARD = "gnu++20";
				CLANG_ENABLE_MODULES = YES;
				CLANG_ENABLE_OBJC_ARC = YES;
				CLANG_ENABLE_OBJC_WEAK = YES;
				CLANG_WARN_BLOCK_CAPTURE_AUTORELEASING = YES;
				CLANG_WARN_BOOL_CONVERSION = YES;
				CLANG_WARN_COMMA = YES;
				CLANG_WARN_CONSTANT_CONVERSION = YES;
				CLANG_WARN_DEPRECATED_OBJC_IMPLEMENTATIONS = YES;
				CLANG_WARN_DIRECT_OBJC_ISA_USAGE = YES_ERROR;
				CLANG_WARN_DOCUMENTATION_COMMENTS = YES;
				CLANG_WARN_EMPTY_BODY = YES;
				CLANG_WARN_ENUM_CONVERSION = YES;
				CLANG_WARN_INFINITE_RECURSION = YES;
				CLANG_WARN_INT_CONVERSION = YES;
				CLANG_WARN_NON_LITERAL_NULL_CONVERSION = YES;
				CLANG_WARN_OBJC_IMPLICIT_RETAIN_SELF = YES;
				CLANG_WARN_OBJC_LITERAL_CONVERSION = YES;
				CLANG_WARN_OBJC_ROOT_CLASS = YES_ERROR;
				CLANG_WARN_QUOTED_INCLUDE_IN_FRAMEWORK_HEADER = YES;
				CLANG_WARN_RANGE_LOOP_ANALYSIS = YES;
				CLANG_WARN_STRICT_PROTOTYPES = YES;
				CLANG_WARN_SUSPICIOUS_MOVE = YES;
				CLANG_WARN_UNGUARDED_AVAILABILITY = YES_AGGRESSIVE;
				CLANG_WARN_UNREACHABLE_CODE = YES;
				CLANG_WARN__DUPLICATE_METHOD_MATCH = YES;
				COPY_PHASE_STRIP = NO;
				DEAD_CODE_STRIPPING = YES;
				DEBUG_INFORMATION_FORMAT = dwarf;
				ENABLE_STRICT_OBJC_MSGSEND = YES;
				ENABLE_TESTABILITY = YES;
				ENABLE_USER_SCRIPT_SANDBOXING = YES;
				GCC_C_LANGUAGE_STANDARD = gnu17;
				GCC_DYNAMIC_NO_PIC = NO;
				GCC_NO_COMMON_BLOCKS = YES;
				GCC_OPTIMIZATION_LEVEL = 0;
				GCC_PREPROCESSOR_DEFINITIONS = (
					"DEBUG=1",
					"$(inherited)",
				);
				GCC_WARN_64_TO_32_BIT_CONVERSION = YES;
				GCC_WARN_ABOUT_RETURN_TYPE = YES_ERROR;
				GCC_WARN_UNDECLARED_SELECTOR = YES;
				GCC_WARN_UNINITIALIZED_AUTOS = YES_AGGRESSIVE;
				GCC_WARN_UNUSED_FUNCTION = YES;
				GCC_WARN_UNUSED_VARIABLE = YES;
				LOCALIZATION_PREFERS_STRING_CATALOGS = YES;
				MACOSX_DEPLOYMENT_TARGET = 14.0;
				MTL_ENABLE_DEBUG_INFO = INCLUDE_SOURCE;
				MTL_FAST_MATH = YES;
				ONLY_ACTIVE_ARCH = YES;
				SDKROOT = macosx;
				SWIFT_ACTIVE_COMPILATION_CONDITIONS = "DEBUG $(inherited)";
				SWIFT_OPTIMIZATION_LEVEL = "-Onone";
			};
			name = Debug;
		};
		A16920162B2FA82200F8B4C0 /* Release */ = {
			isa = XCBuildConfiguration;
			buildSettings = {
				ALWAYS_SEARCH_USER_PATHS = NO;
				ASSETCATALOG_COMPILER_GENERATE_SWIFT_ASSET_SYMBOL_EXTENSIONS = YES;
				CLANG_ANALYZER_LOCALIZABILITY_NONLOCALIZED = YES;
				CLANG_ANALYZER_NONNULL = YES;
				CLANG_ANALYZER_NUMBER_OBJECT_CONVERSION = YES_AGGRESSIVE;
				CLANG_CXX_LANGUAGE_STANDARD = "gnu++20";
				CLANG_ENABLE_MODULES = YES;
				CLANG_ENABLE_OBJC_ARC = YES;
				CLANG_ENABLE_OBJC_WEAK = YES;
				CLANG_WARN_BLOCK_CAPTURE_AUTORELEASING = YES;
				CLANG_WARN_BOOL_CONVERSION = YES;
				CLANG_WARN_COMMA = YES;
				CLANG_WARN_CONSTANT_CONVERSION = YES;
				CLANG_WARN_DEPRECATED_OBJC_IMPLEMENTATIONS = YES;
				CLANG_WARN_DIRECT_OBJC_ISA_USAGE = YES_ERROR;
				CLANG_WARN_DOCUMENTATION_COMMENTS = YES;
				CLANG_WARN_EMPTY_BODY = YES;
				CLANG_WARN_ENUM_CONVERSION = YES;
				CLANG_WARN_INFINITE_RECURSION = YES;
				CLANG_WARN_INT_CONVERSION = YES;
				CLANG_WARN_NON_LITERAL_NULL_CONVERSION = YES;
				CLANG_WARN_OBJC_IMPLICIT_RETAIN_SELF = YES;
				CLANG_WARN_OBJC_LITERAL_CONVERSION = YES;
				CLANG_WARN_OBJC_ROOT_CLASS = YES_ERROR;
				CLANG_WARN_QUOTED_INCLUDE_IN_FRAMEWORK_HEADER = YES;
				CLANG_WARN_RANGE_LOOP_ANALYSIS = YES;
				CLANG_WARN_STRICT_PROTOTYPES = YES;
				CLANG_WARN_SUSPICIOUS_MOVE = YES;
				CLANG_WARN_UNGUARDED_AVAILABILITY = YES_AGGRESSIVE;
				CLANG_WARN_UNREACHABLE_CODE = YES;
				CLANG_WARN__DUPLICATE_METHOD_MATCH = YES;
				COPY_PHASE_STRIP = NO;
				DEAD_CODE_STRIPPING = YES;
				DEBUG_INFORMATION_FORMAT = "dwarf-with-dsym";
				ENABLE_NS_ASSERTIONS = NO;
				ENABLE_STRICT_OBJC_MSGSEND = YES;
				ENABLE_USER_SCRIPT_SANDBOXING = YES;
				GCC_C_LANGUAGE_STANDARD = gnu17;
				GCC_NO_COMMON_BLOCKS = YES;
				GCC_WARN_64_TO_32_BIT_CONVERSION = YES;
				GCC_WARN_ABOUT_RETURN_TYPE = YES_ERROR;
				GCC_WARN_UNDECLARED_SELECTOR = YES;
				GCC_WARN_UNINITIALIZED_AUTOS = YES_AGGRESSIVE;
				GCC_WARN_UNUSED_FUNCTION = YES;
				GCC_WARN_UNUSED_VARIABLE = YES;
				LOCALIZATION_PREFERS_STRING_CATALOGS = YES;
				MACOSX_DEPLOYMENT_TARGET = 14.0;
				MTL_ENABLE_DEBUG_INFO = NO;
				MTL_FAST_MATH = YES;
				SDKROOT = macosx;
				SWIFT_COMPILATION_MODE = wholemodule;
			};
			name = Release;
		};
		A16920182B2FA82200F8B4C0 /* Debug */ = {
			isa = XCBuildConfiguration;
			buildSettings = {
				ASSETCATALOG_COMPILER_APPICON_NAME = AppIcon;
				ASSETCATALOG_COMPILER_GLOBAL_ACCENT_COLOR_NAME = AccentColor;
				CODE_SIGN_ENTITLEMENTS = Opacity/Opacity.entitlements;
				CODE_SIGN_STYLE = Automatic;
				COMBINE_HIDPI_IMAGES = YES;
				CURRENT_PROJECT_VERSION = 1;
				DEAD_CODE_STRIPPING = YES;
				DEVELOPMENT_ASSET_PATHS = "\"Opacity/Preview Content\"";
				DEVELOPMENT_TEAM = Z843W2W7MB;
				ENABLE_PREVIEWS = YES;
				GENERATE_INFOPLIST_FILE = YES;
				INFOPLIST_FILE = Opacity/Info.plist;
				INFOPLIST_KEY_CFBundleDisplayName = "Opacity Browser";
				INFOPLIST_KEY_LSApplicationCategoryType = "public.app-category.utilities";
				INFOPLIST_KEY_NSCameraUsageDescription = "This permission is required to provide services using cameras such as web cams in web services.";
				INFOPLIST_KEY_NSHumanReadableCopyright = "";
				INFOPLIST_KEY_NSLocationAlwaysUsageDescription = "This permission is required to provide weather or location information based on the user's current location.";
				INFOPLIST_KEY_NSLocationUsageDescription = "This permission is required to provide weather or location information based on the user's current location.";
				INFOPLIST_KEY_NSLocationWhenInUseUsageDescription = "This permission is required to provide weather or location information based on the user's current location.";
				LD_RUNPATH_SEARCH_PATHS = (
					"$(inherited)",
					"@executable_path/../Frameworks",
				);
				MACOSX_DEPLOYMENT_TARGET = 14.0;
				MARKETING_VERSION = 1.0;
				PRODUCT_BUNDLE_IDENTIFIER = falsy.Opacity;
				PRODUCT_NAME = Opacity;
				SWIFT_EMIT_LOC_STRINGS = YES;
				SWIFT_VERSION = 5.0;
			};
			name = Debug;
		};
		A16920192B2FA82200F8B4C0 /* Release */ = {
			isa = XCBuildConfiguration;
			buildSettings = {
				ASSETCATALOG_COMPILER_APPICON_NAME = AppIcon;
				ASSETCATALOG_COMPILER_GLOBAL_ACCENT_COLOR_NAME = AccentColor;
				CODE_SIGN_ENTITLEMENTS = Opacity/Opacity.entitlements;
				CODE_SIGN_STYLE = Automatic;
				COMBINE_HIDPI_IMAGES = YES;
				CURRENT_PROJECT_VERSION = 1;
				DEAD_CODE_STRIPPING = YES;
				DEVELOPMENT_ASSET_PATHS = "\"Opacity/Preview Content\"";
				DEVELOPMENT_TEAM = Z843W2W7MB;
				ENABLE_PREVIEWS = YES;
				GENERATE_INFOPLIST_FILE = YES;
				INFOPLIST_FILE = Opacity/Info.plist;
				INFOPLIST_KEY_CFBundleDisplayName = "Opacity Browser";
				INFOPLIST_KEY_LSApplicationCategoryType = "public.app-category.utilities";
				INFOPLIST_KEY_NSCameraUsageDescription = "This permission is required to provide services using cameras such as web cams in web services.";
				INFOPLIST_KEY_NSHumanReadableCopyright = "";
				INFOPLIST_KEY_NSLocationAlwaysUsageDescription = "This permission is required to provide weather or location information based on the user's current location.";
				INFOPLIST_KEY_NSLocationUsageDescription = "This permission is required to provide weather or location information based on the user's current location.";
				INFOPLIST_KEY_NSLocationWhenInUseUsageDescription = "This permission is required to provide weather or location information based on the user's current location.";
				LD_RUNPATH_SEARCH_PATHS = (
					"$(inherited)",
					"@executable_path/../Frameworks",
				);
				MACOSX_DEPLOYMENT_TARGET = 14.0;
				MARKETING_VERSION = 1.0;
				PRODUCT_BUNDLE_IDENTIFIER = falsy.Opacity;
				PRODUCT_NAME = Opacity;
				SWIFT_EMIT_LOC_STRINGS = YES;
				SWIFT_VERSION = 5.0;
			};
			name = Release;
		};
/* End XCBuildConfiguration section */

/* Begin XCConfigurationList section */
		A16920032B2FA82100F8B4C0 /* Build configuration list for PBXProject "Opacity" */ = {
			isa = XCConfigurationList;
			buildConfigurations = (
				A16920152B2FA82200F8B4C0 /* Debug */,
				A16920162B2FA82200F8B4C0 /* Release */,
			);
			defaultConfigurationIsVisible = 0;
			defaultConfigurationName = Release;
		};
		A16920172B2FA82200F8B4C0 /* Build configuration list for PBXNativeTarget "Opacity" */ = {
			isa = XCConfigurationList;
			buildConfigurations = (
				A16920182B2FA82200F8B4C0 /* Debug */,
				A16920192B2FA82200F8B4C0 /* Release */,
			);
			defaultConfigurationIsVisible = 0;
			defaultConfigurationName = Release;
		};
/* End XCConfigurationList section */
	};
	rootObject = A16920002B2FA82100F8B4C0 /* Project object */;
}
